// !$*UTF8*$!
{
	archiveVersion = 1;
	classes = {
	};
	objectVersion = 56;
	objects = {

/* Begin PBXBuildFile section */
		1110FAEE2A52EF24007135BD /* TabBarViewController.swift in Sources */ = {isa = PBXBuildFile; fileRef = 1110FAED2A52EF24007135BD /* TabBarViewController.swift */; };
		1110FAF02A52EFA3007135BD /* SearchViewController.swift in Sources */ = {isa = PBXBuildFile; fileRef = 1110FAEF2A52EFA3007135BD /* SearchViewController.swift */; };
		1110FAF22A52F1C6007135BD /* LibraryViewController.swift in Sources */ = {isa = PBXBuildFile; fileRef = 1110FAF12A52F1C6007135BD /* LibraryViewController.swift */; };
		1110FAF62A52F227007135BD /* AuthetificationViewController.swift in Sources */ = {isa = PBXBuildFile; fileRef = 1110FAF52A52F227007135BD /* AuthetificationViewController.swift */; };
		1110FAF82A52F247007135BD /* WelcomeViewController.swift in Sources */ = {isa = PBXBuildFile; fileRef = 1110FAF72A52F247007135BD /* WelcomeViewController.swift */; };
		1110FAFA2A52F27B007135BD /* SettingsViewController.swift in Sources */ = {isa = PBXBuildFile; fileRef = 1110FAF92A52F27B007135BD /* SettingsViewController.swift */; };
		1110FAFC2A52F287007135BD /* ProfileViewController.swift in Sources */ = {isa = PBXBuildFile; fileRef = 1110FAFB2A52F287007135BD /* ProfileViewController.swift */; };
		1110FAFE2A52F2BC007135BD /* PlaylistViewController.swift in Sources */ = {isa = PBXBuildFile; fileRef = 1110FAFD2A52F2BC007135BD /* PlaylistViewController.swift */; };
		1110FB002A52F2CF007135BD /* PlayerViewController.swift in Sources */ = {isa = PBXBuildFile; fileRef = 1110FAFF2A52F2CF007135BD /* PlayerViewController.swift */; };
		1110FB022A52F304007135BD /* SearchResultViewController.swift in Sources */ = {isa = PBXBuildFile; fileRef = 1110FB012A52F304007135BD /* SearchResultViewController.swift */; };
		1110FB042A52F418007135BD /* AuthetificationService.swift in Sources */ = {isa = PBXBuildFile; fileRef = 1110FB032A52F418007135BD /* AuthetificationService.swift */; };
		1110FB062A52F439007135BD /* SpotifyService.swift in Sources */ = {isa = PBXBuildFile; fileRef = 1110FB052A52F439007135BD /* SpotifyService.swift */; };
		1110FB082A52F490007135BD /* HapticsService.swift in Sources */ = {isa = PBXBuildFile; fileRef = 1110FB072A52F490007135BD /* HapticsService.swift */; };
		1110FB132A544110007135BD /* UIView+Extensions.swift in Sources */ = {isa = PBXBuildFile; fileRef = 1110FB122A544110007135BD /* UIView+Extensions.swift */; };
		1110FB172A55A0C7007135BD /* AuthetificationResponse.swift in Sources */ = {isa = PBXBuildFile; fileRef = 1110FB162A55A0C7007135BD /* AuthetificationResponse.swift */; };
		111808352A6166FE004F1026 /* NewReleasesResponse.swift in Sources */ = {isa = PBXBuildFile; fileRef = 111808342A6166FE004F1026 /* NewReleasesResponse.swift */; };
		1118083A2A619020004F1026 /* Artist.swift in Sources */ = {isa = PBXBuildFile; fileRef = 111808392A619020004F1026 /* Artist.swift */; };
		112B928D2A52D8D50037C97F /* AppDelegate.swift in Sources */ = {isa = PBXBuildFile; fileRef = 112B928C2A52D8D50037C97F /* AppDelegate.swift */; };
		112B928F2A52D8D50037C97F /* SceneDelegate.swift in Sources */ = {isa = PBXBuildFile; fileRef = 112B928E2A52D8D50037C97F /* SceneDelegate.swift */; };
		112B92912A52D8D50037C97F /* HomeViewController.swift in Sources */ = {isa = PBXBuildFile; fileRef = 112B92902A52D8D50037C97F /* HomeViewController.swift */; };
		112B92962A52D8D60037C97F /* Assets.xcassets in Resources */ = {isa = PBXBuildFile; fileRef = 112B92952A52D8D60037C97F /* Assets.xcassets */; };
		112B92992A52D8D60037C97F /* LaunchScreen.storyboard in Resources */ = {isa = PBXBuildFile; fileRef = 112B92972A52D8D60037C97F /* LaunchScreen.storyboard */; };
		112CEEB62A95008B0077A449 /* AlbumCollectionViewCellVM.swift in Sources */ = {isa = PBXBuildFile; fileRef = 112CEEB52A95008B0077A449 /* AlbumCollectionViewCellVM.swift */; };
		112CEEB82A9503D90077A449 /* AlbumTrackCollectionViewCell.swift in Sources */ = {isa = PBXBuildFile; fileRef = 112CEEB72A9503D90077A449 /* AlbumTrackCollectionViewCell.swift */; };
		112CEEBB2A9649A10077A449 /* TitleHeaderCollectionReusableView.swift in Sources */ = {isa = PBXBuildFile; fileRef = 112CEEBA2A9649A10077A449 /* TitleHeaderCollectionReusableView.swift */; };
		1130ACCA2A61E69D002836EE /* FeaturedPlaylistsResponse.swift in Sources */ = {isa = PBXBuildFile; fileRef = 1130ACC92A61E69D002836EE /* FeaturedPlaylistsResponse.swift */; };
		1130ACCC2A61F77E002836EE /* RecommendedGenres.swift in Sources */ = {isa = PBXBuildFile; fileRef = 1130ACCB2A61F77E002836EE /* RecommendedGenres.swift */; };
		11325B4C2A5C43B9009CC67F /* UserProfile.swift in Sources */ = {isa = PBXBuildFile; fileRef = 11325B4B2A5C43B9009CC67F /* UserProfile.swift */; };
		113B67812A7005570091DFA9 /* NewReleaseCollectionViewCell.swift in Sources */ = {isa = PBXBuildFile; fileRef = 113B67802A7005570091DFA9 /* NewReleaseCollectionViewCell.swift */; };
		113B67832A7005990091DFA9 /* FeaturedPlaylistCollectionViewCell.swift in Sources */ = {isa = PBXBuildFile; fileRef = 113B67822A7005990091DFA9 /* FeaturedPlaylistCollectionViewCell.swift */; };
		113B67852A7005D90091DFA9 /* RecommendedTrackCollectionViewCell.swift in Sources */ = {isa = PBXBuildFile; fileRef = 113B67842A7005D90091DFA9 /* RecommendedTrackCollectionViewCell.swift */; };
		113E04292A84EF5A007D587F /* AlbumDetailsAssembly.swift in Sources */ = {isa = PBXBuildFile; fileRef = 113E04282A84EF5A007D587F /* AlbumDetailsAssembly.swift */; };
		113E042B2A850560007D587F /* AlbumDetailResponse.swift in Sources */ = {isa = PBXBuildFile; fileRef = 113E042A2A850560007D587F /* AlbumDetailResponse.swift */; };
		113E042D2A850D39007D587F /* PlaylistPresenter.swift in Sources */ = {isa = PBXBuildFile; fileRef = 113E042C2A850D39007D587F /* PlaylistPresenter.swift */; };
		113E042F2A850E01007D587F /* PlaylistRouter.swift in Sources */ = {isa = PBXBuildFile; fileRef = 113E042E2A850E01007D587F /* PlaylistRouter.swift */; };
		113E04312A850EC7007D587F /* PlaylistAssembly.swift in Sources */ = {isa = PBXBuildFile; fileRef = 113E04302A850EC7007D587F /* PlaylistAssembly.swift */; };
		113E04332A851047007D587F /* PlaylistDetailsResponse.swift in Sources */ = {isa = PBXBuildFile; fileRef = 113E04322A851047007D587F /* PlaylistDetailsResponse.swift */; };
		117E41392A97975400D5EB4B /* URL+Extensions.swift in Sources */ = {isa = PBXBuildFile; fileRef = 117E41382A97975400D5EB4B /* URL+Extensions.swift */; };
		1195E0652A6FCBB800C096F6 /* Playlist.swift in Sources */ = {isa = PBXBuildFile; fileRef = 1195E0642A6FCBB800C096F6 /* Playlist.swift */; };
		1195E0672A6FD51600C096F6 /* RecommendationsResponse.swift in Sources */ = {isa = PBXBuildFile; fileRef = 1195E0662A6FD51600C096F6 /* RecommendationsResponse.swift */; };
		1195E0692A6FD62500C096F6 /* AudioTrack.swift in Sources */ = {isa = PBXBuildFile; fileRef = 1195E0682A6FD62500C096F6 /* AudioTrack.swift */; };
		11A48AFB2A7AAC55006DE3CD /* HomeCollectionViewLayout.swift in Sources */ = {isa = PBXBuildFile; fileRef = 11A48AFA2A7AAC55006DE3CD /* HomeCollectionViewLayout.swift */; };
		11B545B52A8E4A1C00C4DDE1 /* PlaylistHeaderCollectionReusableView.swift in Sources */ = {isa = PBXBuildFile; fileRef = 11B545B42A8E4A1C00C4DDE1 /* PlaylistHeaderCollectionReusableView.swift */; };
		11B545B92A8E588B00C4DDE1 /* PlaylistHeaderViewModel.swift in Sources */ = {isa = PBXBuildFile; fileRef = 11B545B82A8E588B00C4DDE1 /* PlaylistHeaderViewModel.swift */; };
		11D032772A83D79D0091DCC2 /* AlbumDetailsViewController.swift in Sources */ = {isa = PBXBuildFile; fileRef = 11D032762A83D79D0091DCC2 /* AlbumDetailsViewController.swift */; };
		11D032792A83DCC80091DCC2 /* AlbumDetailsPresenter.swift in Sources */ = {isa = PBXBuildFile; fileRef = 11D032782A83DCC80091DCC2 /* AlbumDetailsPresenter.swift */; };
		11D0327B2A83DE1A0091DCC2 /* AlbumDetailsRouter.swift in Sources */ = {isa = PBXBuildFile; fileRef = 11D0327A2A83DE1A0091DCC2 /* AlbumDetailsRouter.swift */; };
		DF2496CB2A6D3AC00009B944 /* TokenManager.swift in Sources */ = {isa = PBXBuildFile; fileRef = DF2496CA2A6D3AC00009B944 /* TokenManager.swift */; };
		DF58D9702A630CEF0062061E /* ApplicationAssembly.swift in Sources */ = {isa = PBXBuildFile; fileRef = DF58D96F2A630CEF0062061E /* ApplicationAssembly.swift */; };
		DF58D9722A630F6E0062061E /* DependenciesAssembly.swift in Sources */ = {isa = PBXBuildFile; fileRef = DF58D9712A630F6E0062061E /* DependenciesAssembly.swift */; };
		DF58D9752A6310B20062061E /* Lazy.swift in Sources */ = {isa = PBXBuildFile; fileRef = DF58D9742A6310B20062061E /* Lazy.swift */; };
		DF58D9772A63144C0062061E /* HomePresenter.swift in Sources */ = {isa = PBXBuildFile; fileRef = DF58D9762A63144C0062061E /* HomePresenter.swift */; };
		DF58D9792A6314530062061E /* HomeRouter.swift in Sources */ = {isa = PBXBuildFile; fileRef = DF58D9782A6314530062061E /* HomeRouter.swift */; };
		DF58D97B2A6314650062061E /* HomeAssembly.swift in Sources */ = {isa = PBXBuildFile; fileRef = DF58D97A2A6314650062061E /* HomeAssembly.swift */; };
		DF58D97D2A6320130062061E /* TabBarAssembly.swift in Sources */ = {isa = PBXBuildFile; fileRef = DF58D97C2A6320130062061E /* TabBarAssembly.swift */; };
		DF58D97F2A6329040062061E /* WelcomeAssembly.swift in Sources */ = {isa = PBXBuildFile; fileRef = DF58D97E2A6329040062061E /* WelcomeAssembly.swift */; };
		DF58D9812A632CA50062061E /* WelcomeRouter.swift in Sources */ = {isa = PBXBuildFile; fileRef = DF58D9802A632CA50062061E /* WelcomeRouter.swift */; };
		DF58D9832A632CAC0062061E /* WelcomePresenter.swift in Sources */ = {isa = PBXBuildFile; fileRef = DF58D9822A632CAC0062061E /* WelcomePresenter.swift */; };
		DF58D9862A6336340062061E /* ProfileAssembly.swift in Sources */ = {isa = PBXBuildFile; fileRef = DF58D9852A6336340062061E /* ProfileAssembly.swift */; };
		DF58D9882A63363C0062061E /* ProfileRouter.swift in Sources */ = {isa = PBXBuildFile; fileRef = DF58D9872A63363C0062061E /* ProfileRouter.swift */; };
		DF58D98A2A6336440062061E /* ProfilePresenter.swift in Sources */ = {isa = PBXBuildFile; fileRef = DF58D9892A6336440062061E /* ProfilePresenter.swift */; };
		DF58D98C2A633A860062061E /* SettingsAssembly.swift in Sources */ = {isa = PBXBuildFile; fileRef = DF58D98B2A633A860062061E /* SettingsAssembly.swift */; };
		DF58D98E2A633A8F0062061E /* SettingsPresenter.swift in Sources */ = {isa = PBXBuildFile; fileRef = DF58D98D2A633A8F0062061E /* SettingsPresenter.swift */; };
		DF58D9902A633A950062061E /* SettingsRouter.swift in Sources */ = {isa = PBXBuildFile; fileRef = DF58D98F2A633A950062061E /* SettingsRouter.swift */; };
		DF6E2CAA2A68632700A51361 /* UserDefaultsStorage.swift in Sources */ = {isa = PBXBuildFile; fileRef = DF6E2CA92A68632700A51361 /* UserDefaultsStorage.swift */; };
		DFBEF1402A6C2C340085E854 /* Endpoint.swift in Sources */ = {isa = PBXBuildFile; fileRef = DFBEF13F2A6C2C340085E854 /* Endpoint.swift */; };
		DFBEF1422A6C2C940085E854 /* HTTPMethod.swift in Sources */ = {isa = PBXBuildFile; fileRef = DFBEF1412A6C2C940085E854 /* HTTPMethod.swift */; };
		DFBEF1442A6C2F4B0085E854 /* SpotifyEndpoint.swift in Sources */ = {isa = PBXBuildFile; fileRef = DFBEF1432A6C2F4B0085E854 /* SpotifyEndpoint.swift */; };
		DFBEF1462A6C32A80085E854 /* RequestProcessor.swift in Sources */ = {isa = PBXBuildFile; fileRef = DFBEF1452A6C32A80085E854 /* RequestProcessor.swift */; };
		DFBEF1482A6C7F080085E854 /* AuthetificationEndpoint.swift in Sources */ = {isa = PBXBuildFile; fileRef = DFBEF1472A6C7F080085E854 /* AuthetificationEndpoint.swift */; };
		DFF209C32A7C35A7009F6A6B /* LoadingAssembly.swift in Sources */ = {isa = PBXBuildFile; fileRef = DFF209C22A7C35A7009F6A6B /* LoadingAssembly.swift */; };
		DFF209C52A7C36AF009F6A6B /* LoadingPresenter.swift in Sources */ = {isa = PBXBuildFile; fileRef = DFF209C42A7C36AF009F6A6B /* LoadingPresenter.swift */; };
		DFF209C72A7C36B7009F6A6B /* LoadingViewController.swift in Sources */ = {isa = PBXBuildFile; fileRef = DFF209C62A7C36B7009F6A6B /* LoadingViewController.swift */; };
		DFF209C92A7C36C0009F6A6B /* LoadingRouter.swift in Sources */ = {isa = PBXBuildFile; fileRef = DFF209C82A7C36C0009F6A6B /* LoadingRouter.swift */; };
		DFF8F1B82A64047500D76813 /* AuthetificationAssembly.swift in Sources */ = {isa = PBXBuildFile; fileRef = DFF8F1B72A64047500D76813 /* AuthetificationAssembly.swift */; };
		DFF8F1BA2A6405DF00D76813 /* AuthetificationRouter.swift in Sources */ = {isa = PBXBuildFile; fileRef = DFF8F1B92A6405DF00D76813 /* AuthetificationRouter.swift */; };
		DFF8F1BC2A6405E600D76813 /* AuthetificationPresenter.swift in Sources */ = {isa = PBXBuildFile; fileRef = DFF8F1BB2A6405E600D76813 /* AuthetificationPresenter.swift */; };
		F864CE0EE9425617E773CC6C /* Pods_Spotify.framework in Frameworks */ = {isa = PBXBuildFile; fileRef = DF67EAC705669A98A0A20A77 /* Pods_Spotify.framework */; };
/* End PBXBuildFile section */

/* Begin PBXFileReference section */
		1110FAED2A52EF24007135BD /* TabBarViewController.swift */ = {isa = PBXFileReference; lastKnownFileType = sourcecode.swift; path = TabBarViewController.swift; sourceTree = "<group>"; };
		1110FAEF2A52EFA3007135BD /* SearchViewController.swift */ = {isa = PBXFileReference; lastKnownFileType = sourcecode.swift; path = SearchViewController.swift; sourceTree = "<group>"; };
		1110FAF12A52F1C6007135BD /* LibraryViewController.swift */ = {isa = PBXFileReference; lastKnownFileType = sourcecode.swift; path = LibraryViewController.swift; sourceTree = "<group>"; };
		1110FAF52A52F227007135BD /* AuthetificationViewController.swift */ = {isa = PBXFileReference; lastKnownFileType = sourcecode.swift; path = AuthetificationViewController.swift; sourceTree = "<group>"; };
		1110FAF72A52F247007135BD /* WelcomeViewController.swift */ = {isa = PBXFileReference; lastKnownFileType = sourcecode.swift; path = WelcomeViewController.swift; sourceTree = "<group>"; };
		1110FAF92A52F27B007135BD /* SettingsViewController.swift */ = {isa = PBXFileReference; lastKnownFileType = sourcecode.swift; path = SettingsViewController.swift; sourceTree = "<group>"; };
		1110FAFB2A52F287007135BD /* ProfileViewController.swift */ = {isa = PBXFileReference; lastKnownFileType = sourcecode.swift; path = ProfileViewController.swift; sourceTree = "<group>"; };
		1110FAFD2A52F2BC007135BD /* PlaylistViewController.swift */ = {isa = PBXFileReference; lastKnownFileType = sourcecode.swift; path = PlaylistViewController.swift; sourceTree = "<group>"; };
		1110FAFF2A52F2CF007135BD /* PlayerViewController.swift */ = {isa = PBXFileReference; lastKnownFileType = sourcecode.swift; path = PlayerViewController.swift; sourceTree = "<group>"; };
		1110FB012A52F304007135BD /* SearchResultViewController.swift */ = {isa = PBXFileReference; lastKnownFileType = sourcecode.swift; path = SearchResultViewController.swift; sourceTree = "<group>"; };
		1110FB032A52F418007135BD /* AuthetificationService.swift */ = {isa = PBXFileReference; lastKnownFileType = sourcecode.swift; path = AuthetificationService.swift; sourceTree = "<group>"; };
		1110FB052A52F439007135BD /* SpotifyService.swift */ = {isa = PBXFileReference; lastKnownFileType = sourcecode.swift; path = SpotifyService.swift; sourceTree = "<group>"; };
		1110FB072A52F490007135BD /* HapticsService.swift */ = {isa = PBXFileReference; lastKnownFileType = sourcecode.swift; path = HapticsService.swift; sourceTree = "<group>"; };
		1110FB122A544110007135BD /* UIView+Extensions.swift */ = {isa = PBXFileReference; lastKnownFileType = sourcecode.swift; path = "UIView+Extensions.swift"; sourceTree = "<group>"; };
		1110FB162A55A0C7007135BD /* AuthetificationResponse.swift */ = {isa = PBXFileReference; lastKnownFileType = sourcecode.swift; path = AuthetificationResponse.swift; sourceTree = "<group>"; };
		111808342A6166FE004F1026 /* NewReleasesResponse.swift */ = {isa = PBXFileReference; lastKnownFileType = sourcecode.swift; path = NewReleasesResponse.swift; sourceTree = "<group>"; };
		111808392A619020004F1026 /* Artist.swift */ = {isa = PBXFileReference; lastKnownFileType = sourcecode.swift; path = Artist.swift; sourceTree = "<group>"; };
		112B92892A52D8D50037C97F /* Spotify.app */ = {isa = PBXFileReference; explicitFileType = wrapper.application; includeInIndex = 0; path = Spotify.app; sourceTree = BUILT_PRODUCTS_DIR; };
		112B928C2A52D8D50037C97F /* AppDelegate.swift */ = {isa = PBXFileReference; lastKnownFileType = sourcecode.swift; path = AppDelegate.swift; sourceTree = "<group>"; };
		112B928E2A52D8D50037C97F /* SceneDelegate.swift */ = {isa = PBXFileReference; lastKnownFileType = sourcecode.swift; path = SceneDelegate.swift; sourceTree = "<group>"; };
		112B92902A52D8D50037C97F /* HomeViewController.swift */ = {isa = PBXFileReference; lastKnownFileType = sourcecode.swift; path = HomeViewController.swift; sourceTree = "<group>"; };
		112B92952A52D8D60037C97F /* Assets.xcassets */ = {isa = PBXFileReference; lastKnownFileType = folder.assetcatalog; path = Assets.xcassets; sourceTree = "<group>"; };
		112B92982A52D8D60037C97F /* Base */ = {isa = PBXFileReference; lastKnownFileType = file.storyboard; name = Base; path = Base.lproj/LaunchScreen.storyboard; sourceTree = "<group>"; };
		112B929A2A52D8D60037C97F /* Info.plist */ = {isa = PBXFileReference; lastKnownFileType = text.plist.xml; path = Info.plist; sourceTree = "<group>"; };
		112CEEB52A95008B0077A449 /* AlbumCollectionViewCellVM.swift */ = {isa = PBXFileReference; lastKnownFileType = sourcecode.swift; path = AlbumCollectionViewCellVM.swift; sourceTree = "<group>"; };
		112CEEB72A9503D90077A449 /* AlbumTrackCollectionViewCell.swift */ = {isa = PBXFileReference; lastKnownFileType = sourcecode.swift; path = AlbumTrackCollectionViewCell.swift; sourceTree = "<group>"; };
		112CEEBA2A9649A10077A449 /* TitleHeaderCollectionReusableView.swift */ = {isa = PBXFileReference; lastKnownFileType = sourcecode.swift; path = TitleHeaderCollectionReusableView.swift; sourceTree = "<group>"; };
		1130ACC92A61E69D002836EE /* FeaturedPlaylistsResponse.swift */ = {isa = PBXFileReference; lastKnownFileType = sourcecode.swift; path = FeaturedPlaylistsResponse.swift; sourceTree = "<group>"; };
		1130ACCB2A61F77E002836EE /* RecommendedGenres.swift */ = {isa = PBXFileReference; lastKnownFileType = sourcecode.swift; path = RecommendedGenres.swift; sourceTree = "<group>"; };
		11325B4B2A5C43B9009CC67F /* UserProfile.swift */ = {isa = PBXFileReference; lastKnownFileType = sourcecode.swift; path = UserProfile.swift; sourceTree = "<group>"; };
		113B67802A7005570091DFA9 /* NewReleaseCollectionViewCell.swift */ = {isa = PBXFileReference; lastKnownFileType = sourcecode.swift; path = NewReleaseCollectionViewCell.swift; sourceTree = "<group>"; };
		113B67822A7005990091DFA9 /* FeaturedPlaylistCollectionViewCell.swift */ = {isa = PBXFileReference; lastKnownFileType = sourcecode.swift; path = FeaturedPlaylistCollectionViewCell.swift; sourceTree = "<group>"; };
		113B67842A7005D90091DFA9 /* RecommendedTrackCollectionViewCell.swift */ = {isa = PBXFileReference; lastKnownFileType = sourcecode.swift; path = RecommendedTrackCollectionViewCell.swift; sourceTree = "<group>"; };
		113E04282A84EF5A007D587F /* AlbumDetailsAssembly.swift */ = {isa = PBXFileReference; lastKnownFileType = sourcecode.swift; path = AlbumDetailsAssembly.swift; sourceTree = "<group>"; };
		113E042A2A850560007D587F /* AlbumDetailResponse.swift */ = {isa = PBXFileReference; lastKnownFileType = sourcecode.swift; path = AlbumDetailResponse.swift; sourceTree = "<group>"; };
		113E042C2A850D39007D587F /* PlaylistPresenter.swift */ = {isa = PBXFileReference; lastKnownFileType = sourcecode.swift; path = PlaylistPresenter.swift; sourceTree = "<group>"; };
		113E042E2A850E01007D587F /* PlaylistRouter.swift */ = {isa = PBXFileReference; lastKnownFileType = sourcecode.swift; path = PlaylistRouter.swift; sourceTree = "<group>"; };
		113E04302A850EC7007D587F /* PlaylistAssembly.swift */ = {isa = PBXFileReference; lastKnownFileType = sourcecode.swift; path = PlaylistAssembly.swift; sourceTree = "<group>"; };
		113E04322A851047007D587F /* PlaylistDetailsResponse.swift */ = {isa = PBXFileReference; lastKnownFileType = sourcecode.swift; path = PlaylistDetailsResponse.swift; sourceTree = "<group>"; };
		117E41382A97975400D5EB4B /* URL+Extensions.swift */ = {isa = PBXFileReference; lastKnownFileType = sourcecode.swift; path = "URL+Extensions.swift"; sourceTree = "<group>"; };
		1195E0642A6FCBB800C096F6 /* Playlist.swift */ = {isa = PBXFileReference; lastKnownFileType = sourcecode.swift; path = Playlist.swift; sourceTree = "<group>"; };
		1195E0662A6FD51600C096F6 /* RecommendationsResponse.swift */ = {isa = PBXFileReference; lastKnownFileType = sourcecode.swift; path = RecommendationsResponse.swift; sourceTree = "<group>"; };
		1195E0682A6FD62500C096F6 /* AudioTrack.swift */ = {isa = PBXFileReference; lastKnownFileType = sourcecode.swift; path = AudioTrack.swift; sourceTree = "<group>"; };
		11A48AFA2A7AAC55006DE3CD /* HomeCollectionViewLayout.swift */ = {isa = PBXFileReference; lastKnownFileType = sourcecode.swift; path = HomeCollectionViewLayout.swift; sourceTree = "<group>"; };
		11B545B42A8E4A1C00C4DDE1 /* PlaylistHeaderCollectionReusableView.swift */ = {isa = PBXFileReference; lastKnownFileType = sourcecode.swift; path = PlaylistHeaderCollectionReusableView.swift; sourceTree = "<group>"; };
		11B545B82A8E588B00C4DDE1 /* PlaylistHeaderViewModel.swift */ = {isa = PBXFileReference; lastKnownFileType = sourcecode.swift; path = PlaylistHeaderViewModel.swift; sourceTree = "<group>"; };
		11D032762A83D79D0091DCC2 /* AlbumDetailsViewController.swift */ = {isa = PBXFileReference; lastKnownFileType = sourcecode.swift; path = AlbumDetailsViewController.swift; sourceTree = "<group>"; };
		11D032782A83DCC80091DCC2 /* AlbumDetailsPresenter.swift */ = {isa = PBXFileReference; lastKnownFileType = sourcecode.swift; path = AlbumDetailsPresenter.swift; sourceTree = "<group>"; };
		11D0327A2A83DE1A0091DCC2 /* AlbumDetailsRouter.swift */ = {isa = PBXFileReference; lastKnownFileType = sourcecode.swift; path = AlbumDetailsRouter.swift; sourceTree = "<group>"; };
		BF36328DD2708777662C120C /* Pods-Spotify.debug.xcconfig */ = {isa = PBXFileReference; includeInIndex = 1; lastKnownFileType = text.xcconfig; name = "Pods-Spotify.debug.xcconfig"; path = "Target Support Files/Pods-Spotify/Pods-Spotify.debug.xcconfig"; sourceTree = "<group>"; };
		CC3E39F741B2313B1323CEA3 /* Pods-Spotify.release.xcconfig */ = {isa = PBXFileReference; includeInIndex = 1; lastKnownFileType = text.xcconfig; name = "Pods-Spotify.release.xcconfig"; path = "Target Support Files/Pods-Spotify/Pods-Spotify.release.xcconfig"; sourceTree = "<group>"; };
		DF2496CA2A6D3AC00009B944 /* TokenManager.swift */ = {isa = PBXFileReference; lastKnownFileType = sourcecode.swift; path = TokenManager.swift; sourceTree = "<group>"; };
		DF58D96F2A630CEF0062061E /* ApplicationAssembly.swift */ = {isa = PBXFileReference; lastKnownFileType = sourcecode.swift; path = ApplicationAssembly.swift; sourceTree = "<group>"; };
		DF58D9712A630F6E0062061E /* DependenciesAssembly.swift */ = {isa = PBXFileReference; lastKnownFileType = sourcecode.swift; path = DependenciesAssembly.swift; sourceTree = "<group>"; };
		DF58D9742A6310B20062061E /* Lazy.swift */ = {isa = PBXFileReference; lastKnownFileType = sourcecode.swift; path = Lazy.swift; sourceTree = "<group>"; };
		DF58D9762A63144C0062061E /* HomePresenter.swift */ = {isa = PBXFileReference; lastKnownFileType = sourcecode.swift; path = HomePresenter.swift; sourceTree = "<group>"; };
		DF58D9782A6314530062061E /* HomeRouter.swift */ = {isa = PBXFileReference; lastKnownFileType = sourcecode.swift; path = HomeRouter.swift; sourceTree = "<group>"; };
		DF58D97A2A6314650062061E /* HomeAssembly.swift */ = {isa = PBXFileReference; lastKnownFileType = sourcecode.swift; path = HomeAssembly.swift; sourceTree = "<group>"; };
		DF58D97C2A6320130062061E /* TabBarAssembly.swift */ = {isa = PBXFileReference; lastKnownFileType = sourcecode.swift; path = TabBarAssembly.swift; sourceTree = "<group>"; };
		DF58D97E2A6329040062061E /* WelcomeAssembly.swift */ = {isa = PBXFileReference; lastKnownFileType = sourcecode.swift; path = WelcomeAssembly.swift; sourceTree = "<group>"; };
		DF58D9802A632CA50062061E /* WelcomeRouter.swift */ = {isa = PBXFileReference; lastKnownFileType = sourcecode.swift; path = WelcomeRouter.swift; sourceTree = "<group>"; };
		DF58D9822A632CAC0062061E /* WelcomePresenter.swift */ = {isa = PBXFileReference; lastKnownFileType = sourcecode.swift; path = WelcomePresenter.swift; sourceTree = "<group>"; };
		DF58D9852A6336340062061E /* ProfileAssembly.swift */ = {isa = PBXFileReference; lastKnownFileType = sourcecode.swift; path = ProfileAssembly.swift; sourceTree = "<group>"; };
		DF58D9872A63363C0062061E /* ProfileRouter.swift */ = {isa = PBXFileReference; lastKnownFileType = sourcecode.swift; path = ProfileRouter.swift; sourceTree = "<group>"; };
		DF58D9892A6336440062061E /* ProfilePresenter.swift */ = {isa = PBXFileReference; lastKnownFileType = sourcecode.swift; path = ProfilePresenter.swift; sourceTree = "<group>"; };
		DF58D98B2A633A860062061E /* SettingsAssembly.swift */ = {isa = PBXFileReference; lastKnownFileType = sourcecode.swift; path = SettingsAssembly.swift; sourceTree = "<group>"; };
		DF58D98D2A633A8F0062061E /* SettingsPresenter.swift */ = {isa = PBXFileReference; lastKnownFileType = sourcecode.swift; path = SettingsPresenter.swift; sourceTree = "<group>"; };
		DF58D98F2A633A950062061E /* SettingsRouter.swift */ = {isa = PBXFileReference; lastKnownFileType = sourcecode.swift; path = SettingsRouter.swift; sourceTree = "<group>"; };
		DF67EAC705669A98A0A20A77 /* Pods_Spotify.framework */ = {isa = PBXFileReference; explicitFileType = wrapper.framework; includeInIndex = 0; path = Pods_Spotify.framework; sourceTree = BUILT_PRODUCTS_DIR; };
		DF6E2CA92A68632700A51361 /* UserDefaultsStorage.swift */ = {isa = PBXFileReference; lastKnownFileType = sourcecode.swift; path = UserDefaultsStorage.swift; sourceTree = "<group>"; };
		DFBEF13F2A6C2C340085E854 /* Endpoint.swift */ = {isa = PBXFileReference; lastKnownFileType = sourcecode.swift; path = Endpoint.swift; sourceTree = "<group>"; };
		DFBEF1412A6C2C940085E854 /* HTTPMethod.swift */ = {isa = PBXFileReference; lastKnownFileType = sourcecode.swift; path = HTTPMethod.swift; sourceTree = "<group>"; };
		DFBEF1432A6C2F4B0085E854 /* SpotifyEndpoint.swift */ = {isa = PBXFileReference; lastKnownFileType = sourcecode.swift; path = SpotifyEndpoint.swift; sourceTree = "<group>"; };
		DFBEF1452A6C32A80085E854 /* RequestProcessor.swift */ = {isa = PBXFileReference; lastKnownFileType = sourcecode.swift; path = RequestProcessor.swift; sourceTree = "<group>"; };
		DFBEF1472A6C7F080085E854 /* AuthetificationEndpoint.swift */ = {isa = PBXFileReference; lastKnownFileType = sourcecode.swift; path = AuthetificationEndpoint.swift; sourceTree = "<group>"; };
		DFF209C22A7C35A7009F6A6B /* LoadingAssembly.swift */ = {isa = PBXFileReference; lastKnownFileType = sourcecode.swift; path = LoadingAssembly.swift; sourceTree = "<group>"; };
		DFF209C42A7C36AF009F6A6B /* LoadingPresenter.swift */ = {isa = PBXFileReference; lastKnownFileType = sourcecode.swift; path = LoadingPresenter.swift; sourceTree = "<group>"; };
		DFF209C62A7C36B7009F6A6B /* LoadingViewController.swift */ = {isa = PBXFileReference; lastKnownFileType = sourcecode.swift; path = LoadingViewController.swift; sourceTree = "<group>"; };
		DFF209C82A7C36C0009F6A6B /* LoadingRouter.swift */ = {isa = PBXFileReference; lastKnownFileType = sourcecode.swift; path = LoadingRouter.swift; sourceTree = "<group>"; };
		DFF8F1B72A64047500D76813 /* AuthetificationAssembly.swift */ = {isa = PBXFileReference; lastKnownFileType = sourcecode.swift; path = AuthetificationAssembly.swift; sourceTree = "<group>"; };
		DFF8F1B92A6405DF00D76813 /* AuthetificationRouter.swift */ = {isa = PBXFileReference; lastKnownFileType = sourcecode.swift; path = AuthetificationRouter.swift; sourceTree = "<group>"; };
		DFF8F1BB2A6405E600D76813 /* AuthetificationPresenter.swift */ = {isa = PBXFileReference; lastKnownFileType = sourcecode.swift; path = AuthetificationPresenter.swift; sourceTree = "<group>"; };
/* End PBXFileReference section */

/* Begin PBXFrameworksBuildPhase section */
		112B92862A52D8D50037C97F /* Frameworks */ = {
			isa = PBXFrameworksBuildPhase;
			buildActionMask = 2147483647;
			files = (
				F864CE0EE9425617E773CC6C /* Pods_Spotify.framework in Frameworks */,
			);
			runOnlyForDeploymentPostprocessing = 0;
		};
/* End PBXFrameworksBuildPhase section */

/* Begin PBXGroup section */
		1110FB0A2A5319BE007135BD /* Authetification */ = {
			isa = PBXGroup;
			children = (
				DFF8F1B72A64047500D76813 /* AuthetificationAssembly.swift */,
				DFF8F1BB2A6405E600D76813 /* AuthetificationPresenter.swift */,
				DFF8F1B92A6405DF00D76813 /* AuthetificationRouter.swift */,
				1110FAF52A52F227007135BD /* AuthetificationViewController.swift */,
			);
			path = Authetification;
			sourceTree = "<group>";
		};
		1110FB0B2A5319EB007135BD /* Welcome */ = {
			isa = PBXGroup;
			children = (
				DF58D97E2A6329040062061E /* WelcomeAssembly.swift */,
				DF58D9822A632CAC0062061E /* WelcomePresenter.swift */,
				DF58D9802A632CA50062061E /* WelcomeRouter.swift */,
				1110FAF72A52F247007135BD /* WelcomeViewController.swift */,
			);
			path = Welcome;
			sourceTree = "<group>";
		};
		1110FB0C2A531BED007135BD /* Settings */ = {
			isa = PBXGroup;
			children = (
				DF58D98B2A633A860062061E /* SettingsAssembly.swift */,
				DF58D98D2A633A8F0062061E /* SettingsPresenter.swift */,
				DF58D98F2A633A950062061E /* SettingsRouter.swift */,
				1110FAF92A52F27B007135BD /* SettingsViewController.swift */,
			);
			path = Settings;
			sourceTree = "<group>";
		};
		1110FB0D2A531C08007135BD /* Profile */ = {
			isa = PBXGroup;
			children = (
				DF58D9852A6336340062061E /* ProfileAssembly.swift */,
				DF58D9892A6336440062061E /* ProfilePresenter.swift */,
				DF58D9872A63363C0062061E /* ProfileRouter.swift */,
				1110FAFB2A52F287007135BD /* ProfileViewController.swift */,
			);
			path = Profile;
			sourceTree = "<group>";
		};
		1110FB0E2A531C33007135BD /* TabBar */ = {
			isa = PBXGroup;
			children = (
				DF58D97C2A6320130062061E /* TabBarAssembly.swift */,
				1110FAED2A52EF24007135BD /* TabBarViewController.swift */,
			);
			path = TabBar;
			sourceTree = "<group>";
		};
		1110FB0F2A531C69007135BD /* Playlist */ = {
			isa = PBXGroup;
			children = (
				1110FAFD2A52F2BC007135BD /* PlaylistViewController.swift */,
				113E042C2A850D39007D587F /* PlaylistPresenter.swift */,
				113E042E2A850E01007D587F /* PlaylistRouter.swift */,
				113E04302A850EC7007D587F /* PlaylistAssembly.swift */,
				11B545B82A8E588B00C4DDE1 /* PlaylistHeaderViewModel.swift */,
			);
			path = Playlist;
			sourceTree = "<group>";
		};
		1110FB102A531C7A007135BD /* Player */ = {
			isa = PBXGroup;
			children = (
				1110FAFF2A52F2CF007135BD /* PlayerViewController.swift */,
			);
			path = Player;
			sourceTree = "<group>";
		};
		1110FB142A54B9D0007135BD /* Utils */ = {
			isa = PBXGroup;
			children = (
				DFBEF13E2A6C26AE0085E854 /* Network */,
				DF58D9732A63106E0062061E /* Data Structures */,
				1110FB152A54BA69007135BD /* Extensions */,
			);
			path = Utils;
			sourceTree = "<group>";
		};
		1110FB152A54BA69007135BD /* Extensions */ = {
			isa = PBXGroup;
			children = (
				1110FB122A544110007135BD /* UIView+Extensions.swift */,
				117E41382A97975400D5EB4B /* URL+Extensions.swift */,
			);
			path = Extensions;
			sourceTree = "<group>";
		};
		112B92802A52D8D50037C97F = {
			isa = PBXGroup;
			children = (
				112B928B2A52D8D50037C97F /* Spotify */,
				112B928A2A52D8D50037C97F /* Products */,
				594F0D5DB57D957875B37DB4 /* Pods */,
				E1046B640DC82C322FF94753 /* Frameworks */,
			);
			sourceTree = "<group>";
		};
		112B928A2A52D8D50037C97F /* Products */ = {
			isa = PBXGroup;
			children = (
				112B92892A52D8D50037C97F /* Spotify.app */,
			);
			name = Products;
			sourceTree = "<group>";
		};
		112B928B2A52D8D50037C97F /* Spotify */ = {
			isa = PBXGroup;
			children = (
				112B92A52A52E5CE0037C97F /* Application */,
				DF5810972A6304C10062061E /* Core layer */,
				112B92A42A52E5AD0037C97F /* Service layer */,
				DF5810962A6304AF0062061E /* Presentation layer */,
				1110FB142A54B9D0007135BD /* Utils */,
				112B929A2A52D8D60037C97F /* Info.plist */,
			);
			path = Spotify;
			sourceTree = "<group>";
		};
		112B92A02A52E5880037C97F /* Models */ = {
			isa = PBXGroup;
			children = (
				11325B4B2A5C43B9009CC67F /* UserProfile.swift */,
				1130ACCB2A61F77E002836EE /* RecommendedGenres.swift */,
				1130ACC92A61E69D002836EE /* FeaturedPlaylistsResponse.swift */,
				111808392A619020004F1026 /* Artist.swift */,
				111808342A6166FE004F1026 /* NewReleasesResponse.swift */,
				1195E0642A6FCBB800C096F6 /* Playlist.swift */,
				1195E0662A6FD51600C096F6 /* RecommendationsResponse.swift */,
				1195E0682A6FD62500C096F6 /* AudioTrack.swift */,
				113E042A2A850560007D587F /* AlbumDetailResponse.swift */,
				113E04322A851047007D587F /* PlaylistDetailsResponse.swift */,
			);
			path = Models;
			sourceTree = "<group>";
		};
		112B92A42A52E5AD0037C97F /* Service layer */ = {
			isa = PBXGroup;
			children = (
				DFF8F1BE2A640CCB00D76813 /* HapticsService */,
				DFF8F1BD2A640BAE00D76813 /* AuthetificationService */,
				DF58D9842A6332660062061E /* SpotifyService */,
			);
			path = "Service layer";
			sourceTree = "<group>";
		};
		112B92A52A52E5CE0037C97F /* Application */ = {
			isa = PBXGroup;
			children = (
				112B928C2A52D8D50037C97F /* AppDelegate.swift */,
				112B928E2A52D8D50037C97F /* SceneDelegate.swift */,
				112B92952A52D8D60037C97F /* Assets.xcassets */,
				112B92972A52D8D60037C97F /* LaunchScreen.storyboard */,
				DF58D96F2A630CEF0062061E /* ApplicationAssembly.swift */,
				DF58D9712A630F6E0062061E /* DependenciesAssembly.swift */,
			);
			path = Application;
			sourceTree = "<group>";
		};
		112CEEB92A96496C0077A449 /* Headers */ = {
			isa = PBXGroup;
			children = (
				11B545B42A8E4A1C00C4DDE1 /* PlaylistHeaderCollectionReusableView.swift */,
				112CEEBA2A9649A10077A449 /* TitleHeaderCollectionReusableView.swift */,
			);
			path = Headers;
			sourceTree = "<group>";
		};
		113B677F2A7004E60091DFA9 /* Views */ = {
			isa = PBXGroup;
			children = (
				113B67802A7005570091DFA9 /* NewReleaseCollectionViewCell.swift */,
				113B67822A7005990091DFA9 /* FeaturedPlaylistCollectionViewCell.swift */,
				113B67842A7005D90091DFA9 /* RecommendedTrackCollectionViewCell.swift */,
			);
			path = Views;
			sourceTree = "<group>";
		};
		11D032752A83D77F0091DCC2 /* AlbumDetails */ = {
			isa = PBXGroup;
			children = (
				11D032762A83D79D0091DCC2 /* AlbumDetailsViewController.swift */,
				11D032782A83DCC80091DCC2 /* AlbumDetailsPresenter.swift */,
				11D0327A2A83DE1A0091DCC2 /* AlbumDetailsRouter.swift */,
				113E04282A84EF5A007D587F /* AlbumDetailsAssembly.swift */,
				112CEEB52A95008B0077A449 /* AlbumCollectionViewCellVM.swift */,
				112CEEB72A9503D90077A449 /* AlbumTrackCollectionViewCell.swift */,
			);
			path = AlbumDetails;
			sourceTree = "<group>";
		};
		594F0D5DB57D957875B37DB4 /* Pods */ = {
			isa = PBXGroup;
			children = (
				BF36328DD2708777662C120C /* Pods-Spotify.debug.xcconfig */,
				CC3E39F741B2313B1323CEA3 /* Pods-Spotify.release.xcconfig */,
			);
			path = Pods;
			sourceTree = "<group>";
		};
		DF2496C92A6D3AB00009B944 /* TokenManager */ = {
			isa = PBXGroup;
			children = (
				DF2496CA2A6D3AC00009B944 /* TokenManager.swift */,
			);
			path = TokenManager;
			sourceTree = "<group>";
		};
		DF5810962A6304AF0062061E /* Presentation layer */ = {
			isa = PBXGroup;
			children = (
				112CEEB92A96496C0077A449 /* Headers */,
				11D032752A83D77F0091DCC2 /* AlbumDetails */,
				DFF209C12A7C3598009F6A6B /* Loading */,
				DF5810982A6305E80062061E /* Home */,
				DF5810992A6305F10062061E /* Search */,
				DF58109A2A6305F70062061E /* Library */,
				1110FB102A531C7A007135BD /* Player */,
				1110FB0F2A531C69007135BD /* Playlist */,
				1110FB0E2A531C33007135BD /* TabBar */,
				1110FB0D2A531C08007135BD /* Profile */,
				1110FB0C2A531BED007135BD /* Settings */,
				1110FB0B2A5319EB007135BD /* Welcome */,
				1110FB0A2A5319BE007135BD /* Authetification */,
			);
			path = "Presentation layer";
			sourceTree = "<group>";
		};
		DF5810972A6304C10062061E /* Core layer */ = {
			isa = PBXGroup;
			children = (
				DF2496C92A6D3AB00009B944 /* TokenManager */,
				DF6E2CA62A685E8300A51361 /* UserDefaultsStorage */,
			);
			path = "Core layer";
			sourceTree = "<group>";
		};
		DF5810982A6305E80062061E /* Home */ = {
			isa = PBXGroup;
			children = (
				113B677F2A7004E60091DFA9 /* Views */,
				DF58D97A2A6314650062061E /* HomeAssembly.swift */,
				DF58D9762A63144C0062061E /* HomePresenter.swift */,
				DF58D9782A6314530062061E /* HomeRouter.swift */,
				112B92902A52D8D50037C97F /* HomeViewController.swift */,
				11A48AFA2A7AAC55006DE3CD /* HomeCollectionViewLayout.swift */,
			);
			path = Home;
			sourceTree = "<group>";
		};
		DF5810992A6305F10062061E /* Search */ = {
			isa = PBXGroup;
			children = (
				1110FB012A52F304007135BD /* SearchResultViewController.swift */,
				1110FAEF2A52EFA3007135BD /* SearchViewController.swift */,
			);
			path = Search;
			sourceTree = "<group>";
		};
		DF58109A2A6305F70062061E /* Library */ = {
			isa = PBXGroup;
			children = (
				1110FAF12A52F1C6007135BD /* LibraryViewController.swift */,
			);
			path = Library;
			sourceTree = "<group>";
		};
		DF58D9732A63106E0062061E /* Data Structures */ = {
			isa = PBXGroup;
			children = (
				DF58D9742A6310B20062061E /* Lazy.swift */,
			);
			path = "Data Structures";
			sourceTree = "<group>";
		};
		DF58D9842A6332660062061E /* SpotifyService */ = {
			isa = PBXGroup;
			children = (
				DFBEF1432A6C2F4B0085E854 /* SpotifyEndpoint.swift */,
				1110FB052A52F439007135BD /* SpotifyService.swift */,
				112B92A02A52E5880037C97F /* Models */,
			);
			path = SpotifyService;
			sourceTree = "<group>";
		};
		DF6E2CA62A685E8300A51361 /* UserDefaultsStorage */ = {
			isa = PBXGroup;
			children = (
				DF6E2CA92A68632700A51361 /* UserDefaultsStorage.swift */,
			);
			path = UserDefaultsStorage;
			sourceTree = "<group>";
		};
		DFBEF13E2A6C26AE0085E854 /* Network */ = {
			isa = PBXGroup;
			children = (
				DFBEF13F2A6C2C340085E854 /* Endpoint.swift */,
				DFBEF1412A6C2C940085E854 /* HTTPMethod.swift */,
				DFBEF1452A6C32A80085E854 /* RequestProcessor.swift */,
			);
			path = Network;
			sourceTree = "<group>";
		};
		DFBEF1492A6C7F340085E854 /* Models */ = {
			isa = PBXGroup;
			children = (
				1110FB162A55A0C7007135BD /* AuthetificationResponse.swift */,
			);
			path = Models;
			sourceTree = "<group>";
		};
		DFF209C12A7C3598009F6A6B /* Loading */ = {
			isa = PBXGroup;
			children = (
				DFF209C22A7C35A7009F6A6B /* LoadingAssembly.swift */,
				DFF209C42A7C36AF009F6A6B /* LoadingPresenter.swift */,
				DFF209C62A7C36B7009F6A6B /* LoadingViewController.swift */,
				DFF209C82A7C36C0009F6A6B /* LoadingRouter.swift */,
			);
			path = Loading;
			sourceTree = "<group>";
		};
		DFF8F1BD2A640BAE00D76813 /* AuthetificationService */ = {
			isa = PBXGroup;
			children = (
				DFBEF1472A6C7F080085E854 /* AuthetificationEndpoint.swift */,
				1110FB032A52F418007135BD /* AuthetificationService.swift */,
				DFBEF1492A6C7F340085E854 /* Models */,
			);
			path = AuthetificationService;
			sourceTree = "<group>";
		};
		DFF8F1BE2A640CCB00D76813 /* HapticsService */ = {
			isa = PBXGroup;
			children = (
				1110FB072A52F490007135BD /* HapticsService.swift */,
			);
			path = HapticsService;
			sourceTree = "<group>";
		};
		E1046B640DC82C322FF94753 /* Frameworks */ = {
			isa = PBXGroup;
			children = (
				DF67EAC705669A98A0A20A77 /* Pods_Spotify.framework */,
			);
			name = Frameworks;
			sourceTree = "<group>";
		};
/* End PBXGroup section */

/* Begin PBXNativeTarget section */
		112B92882A52D8D50037C97F /* Spotify */ = {
			isa = PBXNativeTarget;
			buildConfigurationList = 112B929D2A52D8D60037C97F /* Build configuration list for PBXNativeTarget "Spotify" */;
			buildPhases = (
				9CBA9C3852909DAFBD63547C /* [CP] Check Pods Manifest.lock */,
				112B92852A52D8D50037C97F /* Sources */,
				112B92862A52D8D50037C97F /* Frameworks */,
				112B92872A52D8D50037C97F /* Resources */,
				CC0353CE970C26BD26620405 /* [CP] Embed Pods Frameworks */,
			);
			buildRules = (
			);
			dependencies = (
			);
			name = Spotify;
			productName = Spotify;
			productReference = 112B92892A52D8D50037C97F /* Spotify.app */;
			productType = "com.apple.product-type.application";
		};
/* End PBXNativeTarget section */

/* Begin PBXProject section */
		112B92812A52D8D50037C97F /* Project object */ = {
			isa = PBXProject;
			attributes = {
				BuildIndependentTargetsInParallel = 1;
				LastSwiftUpdateCheck = 1420;
				LastUpgradeCheck = 1420;
				TargetAttributes = {
					112B92882A52D8D50037C97F = {
						CreatedOnToolsVersion = 14.2;
					};
				};
			};
			buildConfigurationList = 112B92842A52D8D50037C97F /* Build configuration list for PBXProject "Spotify" */;
			compatibilityVersion = "Xcode 14.0";
			developmentRegion = en;
			hasScannedForEncodings = 0;
			knownRegions = (
				en,
				Base,
			);
			mainGroup = 112B92802A52D8D50037C97F;
			productRefGroup = 112B928A2A52D8D50037C97F /* Products */;
			projectDirPath = "";
			projectRoot = "";
			targets = (
				112B92882A52D8D50037C97F /* Spotify */,
			);
		};
/* End PBXProject section */

/* Begin PBXResourcesBuildPhase section */
		112B92872A52D8D50037C97F /* Resources */ = {
			isa = PBXResourcesBuildPhase;
			buildActionMask = 2147483647;
			files = (
				112B92992A52D8D60037C97F /* LaunchScreen.storyboard in Resources */,
				112B92962A52D8D60037C97F /* Assets.xcassets in Resources */,
			);
			runOnlyForDeploymentPostprocessing = 0;
		};
/* End PBXResourcesBuildPhase section */

/* Begin PBXShellScriptBuildPhase section */
		9CBA9C3852909DAFBD63547C /* [CP] Check Pods Manifest.lock */ = {
			isa = PBXShellScriptBuildPhase;
			buildActionMask = 2147483647;
			files = (
			);
			inputFileListPaths = (
			);
			inputPaths = (
				"${PODS_PODFILE_DIR_PATH}/Podfile.lock",
				"${PODS_ROOT}/Manifest.lock",
			);
			name = "[CP] Check Pods Manifest.lock";
			outputFileListPaths = (
			);
			outputPaths = (
				"$(DERIVED_FILE_DIR)/Pods-Spotify-checkManifestLockResult.txt",
			);
			runOnlyForDeploymentPostprocessing = 0;
			shellPath = /bin/sh;
			shellScript = "diff \"${PODS_PODFILE_DIR_PATH}/Podfile.lock\" \"${PODS_ROOT}/Manifest.lock\" > /dev/null\nif [ $? != 0 ] ; then\n    # print error to STDERR\n    echo \"error: The sandbox is not in sync with the Podfile.lock. Run 'pod install' or update your CocoaPods installation.\" >&2\n    exit 1\nfi\n# This output is used by Xcode 'outputs' to avoid re-running this script phase.\necho \"SUCCESS\" > \"${SCRIPT_OUTPUT_FILE_0}\"\n";
			showEnvVarsInLog = 0;
		};
		CC0353CE970C26BD26620405 /* [CP] Embed Pods Frameworks */ = {
			isa = PBXShellScriptBuildPhase;
			buildActionMask = 2147483647;
			files = (
			);
			inputFileListPaths = (
				"${PODS_ROOT}/Target Support Files/Pods-Spotify/Pods-Spotify-frameworks-${CONFIGURATION}-input-files.xcfilelist",
			);
			name = "[CP] Embed Pods Frameworks";
			outputFileListPaths = (
				"${PODS_ROOT}/Target Support Files/Pods-Spotify/Pods-Spotify-frameworks-${CONFIGURATION}-output-files.xcfilelist",
			);
			runOnlyForDeploymentPostprocessing = 0;
			shellPath = /bin/sh;
			shellScript = "\"${PODS_ROOT}/Target Support Files/Pods-Spotify/Pods-Spotify-frameworks.sh\"\n";
			showEnvVarsInLog = 0;
		};
/* End PBXShellScriptBuildPhase section */

/* Begin PBXSourcesBuildPhase section */
		112B92852A52D8D50037C97F /* Sources */ = {
			isa = PBXSourcesBuildPhase;
			buildActionMask = 2147483647;
			files = (
				DF6E2CAA2A68632700A51361 /* UserDefaultsStorage.swift in Sources */,
				111808352A6166FE004F1026 /* NewReleasesResponse.swift in Sources */,
				11B545B52A8E4A1C00C4DDE1 /* PlaylistHeaderCollectionReusableView.swift in Sources */,
				DFBEF1482A6C7F080085E854 /* AuthetificationEndpoint.swift in Sources */,
				1110FAF02A52EFA3007135BD /* SearchViewController.swift in Sources */,
				DFF8F1B82A64047500D76813 /* AuthetificationAssembly.swift in Sources */,
				113E042D2A850D39007D587F /* PlaylistPresenter.swift in Sources */,
				DF58D97F2A6329040062061E /* WelcomeAssembly.swift in Sources */,
				1195E0692A6FD62500C096F6 /* AudioTrack.swift in Sources */,
				DF58D97B2A6314650062061E /* HomeAssembly.swift in Sources */,
				1110FB042A52F418007135BD /* AuthetificationService.swift in Sources */,
				DF58D9772A63144C0062061E /* HomePresenter.swift in Sources */,
				DF58D9812A632CA50062061E /* WelcomeRouter.swift in Sources */,
				1110FAF82A52F247007135BD /* WelcomeViewController.swift in Sources */,
				DFF209C72A7C36B7009F6A6B /* LoadingViewController.swift in Sources */,
				1110FAFC2A52F287007135BD /* ProfileViewController.swift in Sources */,
				DFBEF1402A6C2C340085E854 /* Endpoint.swift in Sources */,
				113E04292A84EF5A007D587F /* AlbumDetailsAssembly.swift in Sources */,
				1110FB172A55A0C7007135BD /* AuthetificationResponse.swift in Sources */,
				1110FAEE2A52EF24007135BD /* TabBarViewController.swift in Sources */,
				113B67832A7005990091DFA9 /* FeaturedPlaylistCollectionViewCell.swift in Sources */,
				DF58D9752A6310B20062061E /* Lazy.swift in Sources */,
				DFBEF1442A6C2F4B0085E854 /* SpotifyEndpoint.swift in Sources */,
				113E04312A850EC7007D587F /* PlaylistAssembly.swift in Sources */,
				112B92912A52D8D50037C97F /* HomeViewController.swift in Sources */,
				DFF209C32A7C35A7009F6A6B /* LoadingAssembly.swift in Sources */,
				1110FB082A52F490007135BD /* HapticsService.swift in Sources */,
				11D0327B2A83DE1A0091DCC2 /* AlbumDetailsRouter.swift in Sources */,
				1195E0652A6FCBB800C096F6 /* Playlist.swift in Sources */,
				DF58D9832A632CAC0062061E /* WelcomePresenter.swift in Sources */,
				DF58D9862A6336340062061E /* ProfileAssembly.swift in Sources */,
				1110FB002A52F2CF007135BD /* PlayerViewController.swift in Sources */,
				DF58D98E2A633A8F0062061E /* SettingsPresenter.swift in Sources */,
				DFF8F1BA2A6405DF00D76813 /* AuthetificationRouter.swift in Sources */,
				112CEEB82A9503D90077A449 /* AlbumTrackCollectionViewCell.swift in Sources */,
				1110FAF62A52F227007135BD /* AuthetificationViewController.swift in Sources */,
				1118083A2A619020004F1026 /* Artist.swift in Sources */,
				DF58D9882A63363C0062061E /* ProfileRouter.swift in Sources */,
				11D032792A83DCC80091DCC2 /* AlbumDetailsPresenter.swift in Sources */,
				DF58D9702A630CEF0062061E /* ApplicationAssembly.swift in Sources */,
				112B928D2A52D8D50037C97F /* AppDelegate.swift in Sources */,
				11D032772A83D79D0091DCC2 /* AlbumDetailsViewController.swift in Sources */,
				113E04332A851047007D587F /* PlaylistDetailsResponse.swift in Sources */,
				DF58D9902A633A950062061E /* SettingsRouter.swift in Sources */,
				1110FAFE2A52F2BC007135BD /* PlaylistViewController.swift in Sources */,
				DF58D9792A6314530062061E /* HomeRouter.swift in Sources */,
				112CEEB62A95008B0077A449 /* AlbumCollectionViewCellVM.swift in Sources */,
				112CEEBB2A9649A10077A449 /* TitleHeaderCollectionReusableView.swift in Sources */,
				1110FAF22A52F1C6007135BD /* LibraryViewController.swift in Sources */,
				DFF209C92A7C36C0009F6A6B /* LoadingRouter.swift in Sources */,
				11B545B92A8E588B00C4DDE1 /* PlaylistHeaderViewModel.swift in Sources */,
				112B928F2A52D8D50037C97F /* SceneDelegate.swift in Sources */,
				DF58D98C2A633A860062061E /* SettingsAssembly.swift in Sources */,
				11325B4C2A5C43B9009CC67F /* UserProfile.swift in Sources */,
				1110FB022A52F304007135BD /* SearchResultViewController.swift in Sources */,
				113B67812A7005570091DFA9 /* NewReleaseCollectionViewCell.swift in Sources */,
				113E042B2A850560007D587F /* AlbumDetailResponse.swift in Sources */,
				DF58D98A2A6336440062061E /* ProfilePresenter.swift in Sources */,
				113B67852A7005D90091DFA9 /* RecommendedTrackCollectionViewCell.swift in Sources */,
				1110FB132A544110007135BD /* UIView+Extensions.swift in Sources */,
				11A48AFB2A7AAC55006DE3CD /* HomeCollectionViewLayout.swift in Sources */,
				1110FB062A52F439007135BD /* SpotifyService.swift in Sources */,
				DFF209C52A7C36AF009F6A6B /* LoadingPresenter.swift in Sources */,
				DF58D97D2A6320130062061E /* TabBarAssembly.swift in Sources */,
				1130ACCA2A61E69D002836EE /* FeaturedPlaylistsResponse.swift in Sources */,
				DFF8F1BC2A6405E600D76813 /* AuthetificationPresenter.swift in Sources */,
				DFBEF1422A6C2C940085E854 /* HTTPMethod.swift in Sources */,
				117E41392A97975400D5EB4B /* URL+Extensions.swift in Sources */,
				DFBEF1462A6C32A80085E854 /* RequestProcessor.swift in Sources */,
				1110FAFA2A52F27B007135BD /* SettingsViewController.swift in Sources */,
				1195E0672A6FD51600C096F6 /* RecommendationsResponse.swift in Sources */,
				DF2496CB2A6D3AC00009B944 /* TokenManager.swift in Sources */,
				1130ACCC2A61F77E002836EE /* RecommendedGenres.swift in Sources */,
				113E042F2A850E01007D587F /* PlaylistRouter.swift in Sources */,
				DF58D9722A630F6E0062061E /* DependenciesAssembly.swift in Sources */,
			);
			runOnlyForDeploymentPostprocessing = 0;
		};
/* End PBXSourcesBuildPhase section */

/* Begin PBXVariantGroup section */
		112B92972A52D8D60037C97F /* LaunchScreen.storyboard */ = {
			isa = PBXVariantGroup;
			children = (
				112B92982A52D8D60037C97F /* Base */,
			);
			name = LaunchScreen.storyboard;
			sourceTree = "<group>";
		};
/* End PBXVariantGroup section */

/* Begin XCBuildConfiguration section */
		112B929B2A52D8D60037C97F /* Debug */ = {
			isa = XCBuildConfiguration;
			buildSettings = {
				ALWAYS_SEARCH_USER_PATHS = NO;
				CLANG_ANALYZER_NONNULL = YES;
				CLANG_ANALYZER_NUMBER_OBJECT_CONVERSION = YES_AGGRESSIVE;
				CLANG_CXX_LANGUAGE_STANDARD = "gnu++20";
				CLANG_ENABLE_MODULES = YES;
				CLANG_ENABLE_OBJC_ARC = YES;
				CLANG_ENABLE_OBJC_WEAK = YES;
				CLANG_WARN_BLOCK_CAPTURE_AUTORELEASING = YES;
				CLANG_WARN_BOOL_CONVERSION = YES;
				CLANG_WARN_COMMA = YES;
				CLANG_WARN_CONSTANT_CONVERSION = YES;
				CLANG_WARN_DEPRECATED_OBJC_IMPLEMENTATIONS = YES;
				CLANG_WARN_DIRECT_OBJC_ISA_USAGE = YES_ERROR;
				CLANG_WARN_DOCUMENTATION_COMMENTS = YES;
				CLANG_WARN_EMPTY_BODY = YES;
				CLANG_WARN_ENUM_CONVERSION = YES;
				CLANG_WARN_INFINITE_RECURSION = YES;
				CLANG_WARN_INT_CONVERSION = YES;
				CLANG_WARN_NON_LITERAL_NULL_CONVERSION = YES;
				CLANG_WARN_OBJC_IMPLICIT_RETAIN_SELF = YES;
				CLANG_WARN_OBJC_LITERAL_CONVERSION = YES;
				CLANG_WARN_OBJC_ROOT_CLASS = YES_ERROR;
				CLANG_WARN_QUOTED_INCLUDE_IN_FRAMEWORK_HEADER = YES;
				CLANG_WARN_RANGE_LOOP_ANALYSIS = YES;
				CLANG_WARN_STRICT_PROTOTYPES = YES;
				CLANG_WARN_SUSPICIOUS_MOVE = YES;
				CLANG_WARN_UNGUARDED_AVAILABILITY = YES_AGGRESSIVE;
				CLANG_WARN_UNREACHABLE_CODE = YES;
				CLANG_WARN__DUPLICATE_METHOD_MATCH = YES;
				COPY_PHASE_STRIP = NO;
				DEBUG_INFORMATION_FORMAT = dwarf;
				ENABLE_STRICT_OBJC_MSGSEND = YES;
				ENABLE_TESTABILITY = YES;
				GCC_C_LANGUAGE_STANDARD = gnu11;
				GCC_DYNAMIC_NO_PIC = NO;
				GCC_NO_COMMON_BLOCKS = YES;
				GCC_OPTIMIZATION_LEVEL = 0;
				GCC_PREPROCESSOR_DEFINITIONS = (
					"DEBUG=1",
					"$(inherited)",
				);
				GCC_WARN_64_TO_32_BIT_CONVERSION = YES;
				GCC_WARN_ABOUT_RETURN_TYPE = YES_ERROR;
				GCC_WARN_UNDECLARED_SELECTOR = YES;
				GCC_WARN_UNINITIALIZED_AUTOS = YES_AGGRESSIVE;
				GCC_WARN_UNUSED_FUNCTION = YES;
				GCC_WARN_UNUSED_VARIABLE = YES;
				IPHONEOS_DEPLOYMENT_TARGET = 14.0;
				MTL_ENABLE_DEBUG_INFO = INCLUDE_SOURCE;
				MTL_FAST_MATH = YES;
				ONLY_ACTIVE_ARCH = YES;
				SDKROOT = iphoneos;
				SWIFT_ACTIVE_COMPILATION_CONDITIONS = DEBUG;
				SWIFT_OPTIMIZATION_LEVEL = "-Onone";
			};
			name = Debug;
		};
		112B929C2A52D8D60037C97F /* Release */ = {
			isa = XCBuildConfiguration;
			buildSettings = {
				ALWAYS_SEARCH_USER_PATHS = NO;
				CLANG_ANALYZER_NONNULL = YES;
				CLANG_ANALYZER_NUMBER_OBJECT_CONVERSION = YES_AGGRESSIVE;
				CLANG_CXX_LANGUAGE_STANDARD = "gnu++20";
				CLANG_ENABLE_MODULES = YES;
				CLANG_ENABLE_OBJC_ARC = YES;
				CLANG_ENABLE_OBJC_WEAK = YES;
				CLANG_WARN_BLOCK_CAPTURE_AUTORELEASING = YES;
				CLANG_WARN_BOOL_CONVERSION = YES;
				CLANG_WARN_COMMA = YES;
				CLANG_WARN_CONSTANT_CONVERSION = YES;
				CLANG_WARN_DEPRECATED_OBJC_IMPLEMENTATIONS = YES;
				CLANG_WARN_DIRECT_OBJC_ISA_USAGE = YES_ERROR;
				CLANG_WARN_DOCUMENTATION_COMMENTS = YES;
				CLANG_WARN_EMPTY_BODY = YES;
				CLANG_WARN_ENUM_CONVERSION = YES;
				CLANG_WARN_INFINITE_RECURSION = YES;
				CLANG_WARN_INT_CONVERSION = YES;
				CLANG_WARN_NON_LITERAL_NULL_CONVERSION = YES;
				CLANG_WARN_OBJC_IMPLICIT_RETAIN_SELF = YES;
				CLANG_WARN_OBJC_LITERAL_CONVERSION = YES;
				CLANG_WARN_OBJC_ROOT_CLASS = YES_ERROR;
				CLANG_WARN_QUOTED_INCLUDE_IN_FRAMEWORK_HEADER = YES;
				CLANG_WARN_RANGE_LOOP_ANALYSIS = YES;
				CLANG_WARN_STRICT_PROTOTYPES = YES;
				CLANG_WARN_SUSPICIOUS_MOVE = YES;
				CLANG_WARN_UNGUARDED_AVAILABILITY = YES_AGGRESSIVE;
				CLANG_WARN_UNREACHABLE_CODE = YES;
				CLANG_WARN__DUPLICATE_METHOD_MATCH = YES;
				COPY_PHASE_STRIP = NO;
				DEBUG_INFORMATION_FORMAT = "dwarf-with-dsym";
				ENABLE_NS_ASSERTIONS = NO;
				ENABLE_STRICT_OBJC_MSGSEND = YES;
				GCC_C_LANGUAGE_STANDARD = gnu11;
				GCC_NO_COMMON_BLOCKS = YES;
				GCC_WARN_64_TO_32_BIT_CONVERSION = YES;
				GCC_WARN_ABOUT_RETURN_TYPE = YES_ERROR;
				GCC_WARN_UNDECLARED_SELECTOR = YES;
				GCC_WARN_UNINITIALIZED_AUTOS = YES_AGGRESSIVE;
				GCC_WARN_UNUSED_FUNCTION = YES;
				GCC_WARN_UNUSED_VARIABLE = YES;
				IPHONEOS_DEPLOYMENT_TARGET = 14.0;
				MTL_ENABLE_DEBUG_INFO = NO;
				MTL_FAST_MATH = YES;
				SDKROOT = iphoneos;
				SWIFT_COMPILATION_MODE = wholemodule;
				SWIFT_OPTIMIZATION_LEVEL = "-O";
				VALIDATE_PRODUCT = YES;
			};
			name = Release;
		};
		112B929E2A52D8D60037C97F /* Debug */ = {
			isa = XCBuildConfiguration;
			baseConfigurationReference = BF36328DD2708777662C120C /* Pods-Spotify.debug.xcconfig */;
			buildSettings = {
				ASSETCATALOG_COMPILER_APPICON_NAME = AppIcon;
				ASSETCATALOG_COMPILER_GLOBAL_ACCENT_COLOR_NAME = AccentColor;
				CODE_SIGN_STYLE = Automatic;
				CURRENT_PROJECT_VERSION = 1;
				DEVELOPMENT_TEAM = X6C5PD8V7W;
				GENERATE_INFOPLIST_FILE = YES;
				INFOPLIST_FILE = Spotify/Info.plist;
				INFOPLIST_KEY_UIApplicationSupportsIndirectInputEvents = YES;
				INFOPLIST_KEY_UILaunchStoryboardName = LaunchScreen;
				INFOPLIST_KEY_UISupportedInterfaceOrientations_iPad = "UIInterfaceOrientationPortrait UIInterfaceOrientationPortraitUpsideDown UIInterfaceOrientationLandscapeLeft UIInterfaceOrientationLandscapeRight";
				INFOPLIST_KEY_UISupportedInterfaceOrientations_iPhone = "UIInterfaceOrientationPortrait UIInterfaceOrientationLandscapeLeft UIInterfaceOrientationLandscapeRight";
				IPHONEOS_DEPLOYMENT_TARGET = 16.0;
				LD_RUNPATH_SEARCH_PATHS = (
					"$(inherited)",
					"@executable_path/Frameworks",
				);
				MARKETING_VERSION = 1.0;
				PRODUCT_BUNDLE_IDENTIFIER = com.natali.Spotify;
				PRODUCT_NAME = "$(TARGET_NAME)";
				SWIFT_EMIT_LOC_STRINGS = YES;
				SWIFT_VERSION = 5.0;
				TARGETED_DEVICE_FAMILY = "1,2";
			};
			name = Debug;
		};
		112B929F2A52D8D60037C97F /* Release */ = {
			isa = XCBuildConfiguration;
			baseConfigurationReference = CC3E39F741B2313B1323CEA3 /* Pods-Spotify.release.xcconfig */;
			buildSettings = {
				ASSETCATALOG_COMPILER_APPICON_NAME = AppIcon;
				ASSETCATALOG_COMPILER_GLOBAL_ACCENT_COLOR_NAME = AccentColor;
				CODE_SIGN_STYLE = Automatic;
				CURRENT_PROJECT_VERSION = 1;
				DEVELOPMENT_TEAM = X6C5PD8V7W;
				GENERATE_INFOPLIST_FILE = YES;
				INFOPLIST_FILE = Spotify/Info.plist;
				INFOPLIST_KEY_UIApplicationSupportsIndirectInputEvents = YES;
				INFOPLIST_KEY_UILaunchStoryboardName = LaunchScreen;
				INFOPLIST_KEY_UISupportedInterfaceOrientations_iPad = "UIInterfaceOrientationPortrait UIInterfaceOrientationPortraitUpsideDown UIInterfaceOrientationLandscapeLeft UIInterfaceOrientationLandscapeRight";
				INFOPLIST_KEY_UISupportedInterfaceOrientations_iPhone = "UIInterfaceOrientationPortrait UIInterfaceOrientationLandscapeLeft UIInterfaceOrientationLandscapeRight";
				IPHONEOS_DEPLOYMENT_TARGET = 16.0;
				LD_RUNPATH_SEARCH_PATHS = (
					"$(inherited)",
					"@executable_path/Frameworks",
				);
				MARKETING_VERSION = 1.0;
				PRODUCT_BUNDLE_IDENTIFIER = com.natali.Spotify;
				PRODUCT_NAME = "$(TARGET_NAME)";
				SWIFT_EMIT_LOC_STRINGS = YES;
				SWIFT_VERSION = 5.0;
				TARGETED_DEVICE_FAMILY = "1,2";
			};
			name = Release;
		};
/* End XCBuildConfiguration section */

/* Begin XCConfigurationList section */
		112B92842A52D8D50037C97F /* Build configuration list for PBXProject "Spotify" */ = {
			isa = XCConfigurationList;
			buildConfigurations = (
				112B929B2A52D8D60037C97F /* Debug */,
				112B929C2A52D8D60037C97F /* Release */,
			);
			defaultConfigurationIsVisible = 0;
			defaultConfigurationName = Release;
		};
		112B929D2A52D8D60037C97F /* Build configuration list for PBXNativeTarget "Spotify" */ = {
			isa = XCConfigurationList;
			buildConfigurations = (
				112B929E2A52D8D60037C97F /* Debug */,
				112B929F2A52D8D60037C97F /* Release */,
			);
			defaultConfigurationIsVisible = 0;
			defaultConfigurationName = Release;
		};
/* End XCConfigurationList section */
	};
	rootObject = 112B92812A52D8D50037C97F /* Project object */;
}
