// !$*UTF8*$!
{
	archiveVersion = 1;
	classes = {
	};
	objectVersion = 56;
	objects = {

/* Begin PBXBuildFile section */
		1110FAEE2A52EF24007135BD /* TabBarViewController.swift in Sources */ = {isa = PBXBuildFile; fileRef = 1110FAED2A52EF24007135BD /* TabBarViewController.swift */; };
		1110FAF02A52EFA3007135BD /* SearchViewController.swift in Sources */ = {isa = PBXBuildFile; fileRef = 1110FAEF2A52EFA3007135BD /* SearchViewController.swift */; };
		1110FAF22A52F1C6007135BD /* LibraryViewController.swift in Sources */ = {isa = PBXBuildFile; fileRef = 1110FAF12A52F1C6007135BD /* LibraryViewController.swift */; };
		1110FAF62A52F227007135BD /* AuthViewController.swift in Sources */ = {isa = PBXBuildFile; fileRef = 1110FAF52A52F227007135BD /* AuthViewController.swift */; };
		1110FAF82A52F247007135BD /* WelcomeViewController.swift in Sources */ = {isa = PBXBuildFile; fileRef = 1110FAF72A52F247007135BD /* WelcomeViewController.swift */; };
		1110FAFA2A52F27B007135BD /* SettingsViewController.swift in Sources */ = {isa = PBXBuildFile; fileRef = 1110FAF92A52F27B007135BD /* SettingsViewController.swift */; };
		1110FAFC2A52F287007135BD /* ProfileViewController.swift in Sources */ = {isa = PBXBuildFile; fileRef = 1110FAFB2A52F287007135BD /* ProfileViewController.swift */; };
		1110FAFE2A52F2BC007135BD /* PlaylistViewController.swift in Sources */ = {isa = PBXBuildFile; fileRef = 1110FAFD2A52F2BC007135BD /* PlaylistViewController.swift */; };
		1110FB002A52F2CF007135BD /* PlayerViewController.swift in Sources */ = {isa = PBXBuildFile; fileRef = 1110FAFF2A52F2CF007135BD /* PlayerViewController.swift */; };
		1110FB022A52F304007135BD /* SearchResultViewController.swift in Sources */ = {isa = PBXBuildFile; fileRef = 1110FB012A52F304007135BD /* SearchResultViewController.swift */; };
		1110FB042A52F418007135BD /* AuthManager.swift in Sources */ = {isa = PBXBuildFile; fileRef = 1110FB032A52F418007135BD /* AuthManager.swift */; };
		1110FB062A52F439007135BD /* APICaller.swift in Sources */ = {isa = PBXBuildFile; fileRef = 1110FB052A52F439007135BD /* APICaller.swift */; };
		1110FB082A52F490007135BD /* HapticsManager.swift in Sources */ = {isa = PBXBuildFile; fileRef = 1110FB072A52F490007135BD /* HapticsManager.swift */; };
		1110FB132A544110007135BD /* Extensions.swift in Sources */ = {isa = PBXBuildFile; fileRef = 1110FB122A544110007135BD /* Extensions.swift */; };
		112B928D2A52D8D50037C97F /* AppDelegate.swift in Sources */ = {isa = PBXBuildFile; fileRef = 112B928C2A52D8D50037C97F /* AppDelegate.swift */; };
		112B928F2A52D8D50037C97F /* SceneDelegate.swift in Sources */ = {isa = PBXBuildFile; fileRef = 112B928E2A52D8D50037C97F /* SceneDelegate.swift */; };
		112B92912A52D8D50037C97F /* HomeViewController.swift in Sources */ = {isa = PBXBuildFile; fileRef = 112B92902A52D8D50037C97F /* HomeViewController.swift */; };
		112B92962A52D8D60037C97F /* Assets.xcassets in Resources */ = {isa = PBXBuildFile; fileRef = 112B92952A52D8D60037C97F /* Assets.xcassets */; };
		112B92992A52D8D60037C97F /* LaunchScreen.storyboard in Resources */ = {isa = PBXBuildFile; fileRef = 112B92972A52D8D60037C97F /* LaunchScreen.storyboard */; };
/* End PBXBuildFile section */

/* Begin PBXFileReference section */
		1110FAED2A52EF24007135BD /* TabBarViewController.swift */ = {isa = PBXFileReference; lastKnownFileType = sourcecode.swift; path = TabBarViewController.swift; sourceTree = "<group>"; };
		1110FAEF2A52EFA3007135BD /* SearchViewController.swift */ = {isa = PBXFileReference; lastKnownFileType = sourcecode.swift; path = SearchViewController.swift; sourceTree = "<group>"; };
		1110FAF12A52F1C6007135BD /* LibraryViewController.swift */ = {isa = PBXFileReference; lastKnownFileType = sourcecode.swift; path = LibraryViewController.swift; sourceTree = "<group>"; };
		1110FAF52A52F227007135BD /* AuthViewController.swift */ = {isa = PBXFileReference; lastKnownFileType = sourcecode.swift; path = AuthViewController.swift; sourceTree = "<group>"; };
		1110FAF72A52F247007135BD /* WelcomeViewController.swift */ = {isa = PBXFileReference; lastKnownFileType = sourcecode.swift; path = WelcomeViewController.swift; sourceTree = "<group>"; };
		1110FAF92A52F27B007135BD /* SettingsViewController.swift */ = {isa = PBXFileReference; lastKnownFileType = sourcecode.swift; path = SettingsViewController.swift; sourceTree = "<group>"; };
		1110FAFB2A52F287007135BD /* ProfileViewController.swift */ = {isa = PBXFileReference; lastKnownFileType = sourcecode.swift; path = ProfileViewController.swift; sourceTree = "<group>"; };
		1110FAFD2A52F2BC007135BD /* PlaylistViewController.swift */ = {isa = PBXFileReference; lastKnownFileType = sourcecode.swift; path = PlaylistViewController.swift; sourceTree = "<group>"; };
		1110FAFF2A52F2CF007135BD /* PlayerViewController.swift */ = {isa = PBXFileReference; lastKnownFileType = sourcecode.swift; path = PlayerViewController.swift; sourceTree = "<group>"; };
		1110FB012A52F304007135BD /* SearchResultViewController.swift */ = {isa = PBXFileReference; lastKnownFileType = sourcecode.swift; path = SearchResultViewController.swift; sourceTree = "<group>"; };
		1110FB032A52F418007135BD /* AuthManager.swift */ = {isa = PBXFileReference; lastKnownFileType = sourcecode.swift; path = AuthManager.swift; sourceTree = "<group>"; };
		1110FB052A52F439007135BD /* APICaller.swift */ = {isa = PBXFileReference; lastKnownFileType = sourcecode.swift; path = APICaller.swift; sourceTree = "<group>"; };
		1110FB072A52F490007135BD /* HapticsManager.swift */ = {isa = PBXFileReference; lastKnownFileType = sourcecode.swift; path = HapticsManager.swift; sourceTree = "<group>"; };
		1110FB122A544110007135BD /* Extensions.swift */ = {isa = PBXFileReference; lastKnownFileType = sourcecode.swift; path = Extensions.swift; sourceTree = "<group>"; };
		112B92892A52D8D50037C97F /* Spotify.app */ = {isa = PBXFileReference; explicitFileType = wrapper.application; includeInIndex = 0; path = Spotify.app; sourceTree = BUILT_PRODUCTS_DIR; };
		112B928C2A52D8D50037C97F /* AppDelegate.swift */ = {isa = PBXFileReference; lastKnownFileType = sourcecode.swift; path = AppDelegate.swift; sourceTree = "<group>"; };
		112B928E2A52D8D50037C97F /* SceneDelegate.swift */ = {isa = PBXFileReference; lastKnownFileType = sourcecode.swift; path = SceneDelegate.swift; sourceTree = "<group>"; };
		112B92902A52D8D50037C97F /* HomeViewController.swift */ = {isa = PBXFileReference; lastKnownFileType = sourcecode.swift; path = HomeViewController.swift; sourceTree = "<group>"; };
		112B92952A52D8D60037C97F /* Assets.xcassets */ = {isa = PBXFileReference; lastKnownFileType = folder.assetcatalog; path = Assets.xcassets; sourceTree = "<group>"; };
		112B92982A52D8D60037C97F /* Base */ = {isa = PBXFileReference; lastKnownFileType = file.storyboard; name = Base; path = Base.lproj/LaunchScreen.storyboard; sourceTree = "<group>"; };
		112B929A2A52D8D60037C97F /* Info.plist */ = {isa = PBXFileReference; lastKnownFileType = text.plist.xml; path = Info.plist; sourceTree = "<group>"; };
/* End PBXFileReference section */

/* Begin PBXFrameworksBuildPhase section */
		112B92862A52D8D50037C97F /* Frameworks */ = {
			isa = PBXFrameworksBuildPhase;
			buildActionMask = 2147483647;
			files = (
			);
			runOnlyForDeploymentPostprocessing = 0;
		};
/* End PBXFrameworksBuildPhase section */

/* Begin PBXGroup section */
		1110FB092A531990007135BD /* Modules */ = {
			isa = PBXGroup;
			children = (
				1110FB112A531C86007135BD /* Searching */,
				1110FB102A531C7A007135BD /* Player */,
				1110FB0F2A531C69007135BD /* Playlist */,
				1110FB0E2A531C33007135BD /* TabBar */,
				1110FB0D2A531C08007135BD /* Profile */,
				1110FB0C2A531BED007135BD /* Settings */,
				1110FB0B2A5319EB007135BD /* Welcome */,
				1110FB0A2A5319BE007135BD /* Authetification */,
			);
			path = Modules;
			sourceTree = "<group>";
		};
		1110FB0A2A5319BE007135BD /* Authetification */ = {
			isa = PBXGroup;
			children = (
				1110FAF52A52F227007135BD /* AuthViewController.swift */,
			);
			path = Authetification;
			sourceTree = "<group>";
		};
		1110FB0B2A5319EB007135BD /* Welcome */ = {
			isa = PBXGroup;
			children = (
				1110FAF72A52F247007135BD /* WelcomeViewController.swift */,
			);
			path = Welcome;
			sourceTree = "<group>";
		};
		1110FB0C2A531BED007135BD /* Settings */ = {
			isa = PBXGroup;
			children = (
				1110FAF92A52F27B007135BD /* SettingsViewController.swift */,
			);
			path = Settings;
			sourceTree = "<group>";
		};
		1110FB0D2A531C08007135BD /* Profile */ = {
			isa = PBXGroup;
			children = (
				1110FAFB2A52F287007135BD /* ProfileViewController.swift */,
			);
			path = Profile;
			sourceTree = "<group>";
		};
		1110FB0E2A531C33007135BD /* TabBar */ = {
			isa = PBXGroup;
			children = (
				112B92902A52D8D50037C97F /* HomeViewController.swift */,
				1110FAED2A52EF24007135BD /* TabBarViewController.swift */,
				1110FAEF2A52EFA3007135BD /* SearchViewController.swift */,
				1110FAF12A52F1C6007135BD /* LibraryViewController.swift */,
			);
			path = TabBar;
			sourceTree = "<group>";
		};
		1110FB0F2A531C69007135BD /* Playlist */ = {
			isa = PBXGroup;
			children = (
				1110FAFD2A52F2BC007135BD /* PlaylistViewController.swift */,
			);
			path = Playlist;
			sourceTree = "<group>";
		};
		1110FB102A531C7A007135BD /* Player */ = {
			isa = PBXGroup;
			children = (
				1110FAFF2A52F2CF007135BD /* PlayerViewController.swift */,
			);
			path = Player;
			sourceTree = "<group>";
		};
		1110FB112A531C86007135BD /* Searching */ = {
			isa = PBXGroup;
			children = (
				1110FB012A52F304007135BD /* SearchResultViewController.swift */,
			);
			path = Searching;
			sourceTree = "<group>";
		};
		112B92802A52D8D50037C97F = {
			isa = PBXGroup;
			children = (
				112B928B2A52D8D50037C97F /* Spotify */,
				112B928A2A52D8D50037C97F /* Products */,
			);
			sourceTree = "<group>";
		};
		112B928A2A52D8D50037C97F /* Products */ = {
			isa = PBXGroup;
			children = (
				112B92892A52D8D50037C97F /* Spotify.app */,
			);
			name = Products;
			sourceTree = "<group>";
		};
		112B928B2A52D8D50037C97F /* Spotify */ = {
			isa = PBXGroup;
			children = (
				112B92A52A52E5CE0037C97F /* Application */,
				112B92A42A52E5AD0037C97F /* Services */,
				112B92A02A52E5880037C97F /* Models */,
				1110FB092A531990007135BD /* Modules */,
				112B929A2A52D8D60037C97F /* Info.plist */,
			);
			path = Spotify;
			sourceTree = "<group>";
		};
		112B92A02A52E5880037C97F /* Models */ = {
			isa = PBXGroup;
			children = (
			);
			path = Models;
			sourceTree = "<group>";
		};
		112B92A42A52E5AD0037C97F /* Services */ = {
			isa = PBXGroup;
			children = (
				1110FB032A52F418007135BD /* AuthManager.swift */,
				1110FB052A52F439007135BD /* APICaller.swift */,
				1110FB072A52F490007135BD /* HapticsManager.swift */,
			);
			path = Services;
			sourceTree = "<group>";
		};
		112B92A52A52E5CE0037C97F /* Application */ = {
			isa = PBXGroup;
			children = (
				112B928C2A52D8D50037C97F /* AppDelegate.swift */,
				112B928E2A52D8D50037C97F /* SceneDelegate.swift */,
				112B92952A52D8D60037C97F /* Assets.xcassets */,
				112B92972A52D8D60037C97F /* LaunchScreen.storyboard */,
				1110FB122A544110007135BD /* Extensions.swift */,
			);
			path = Application;
			sourceTree = "<group>";
		};
/* End PBXGroup section */

/* Begin PBXNativeTarget section */
		112B92882A52D8D50037C97F /* Spotify */ = {
			isa = PBXNativeTarget;
			buildConfigurationList = 112B929D2A52D8D60037C97F /* Build configuration list for PBXNativeTarget "Spotify" */;
			buildPhases = (
				112B92852A52D8D50037C97F /* Sources */,
				112B92862A52D8D50037C97F /* Frameworks */,
				112B92872A52D8D50037C97F /* Resources */,
			);
			buildRules = (
			);
			dependencies = (
			);
			name = Spotify;
			productName = Spotify;
			productReference = 112B92892A52D8D50037C97F /* Spotify.app */;
			productType = "com.apple.product-type.application";
		};
/* End PBXNativeTarget section */

/* Begin PBXProject section */
		112B92812A52D8D50037C97F /* Project object */ = {
			isa = PBXProject;
			attributes = {
				BuildIndependentTargetsInParallel = 1;
				LastSwiftUpdateCheck = 1420;
				LastUpgradeCheck = 1420;
				TargetAttributes = {
					112B92882A52D8D50037C97F = {
						CreatedOnToolsVersion = 14.2;
					};
				};
			};
			buildConfigurationList = 112B92842A52D8D50037C97F /* Build configuration list for PBXProject "Spotify" */;
			compatibilityVersion = "Xcode 14.0";
			developmentRegion = en;
			hasScannedForEncodings = 0;
			knownRegions = (
				en,
				Base,
			);
			mainGroup = 112B92802A52D8D50037C97F;
			productRefGroup = 112B928A2A52D8D50037C97F /* Products */;
			projectDirPath = "";
			projectRoot = "";
			targets = (
				112B92882A52D8D50037C97F /* Spotify */,
			);
		};
/* End PBXProject section */

/* Begin PBXResourcesBuildPhase section */
		112B92872A52D8D50037C97F /* Resources */ = {
			isa = PBXResourcesBuildPhase;
			buildActionMask = 2147483647;
			files = (
				112B92992A52D8D60037C97F /* LaunchScreen.storyboard in Resources */,
				112B92962A52D8D60037C97F /* Assets.xcassets in Resources */,
			);
			runOnlyForDeploymentPostprocessing = 0;
		};
/* End PBXResourcesBuildPhase section */

/* Begin PBXSourcesBuildPhase section */
		112B92852A52D8D50037C97F /* Sources */ = {
			isa = PBXSourcesBuildPhase;
			buildActionMask = 2147483647;
			files = (
				1110FAF02A52EFA3007135BD /* SearchViewController.swift in Sources */,
				1110FB042A52F418007135BD /* AuthManager.swift in Sources */,
				1110FAF82A52F247007135BD /* WelcomeViewController.swift in Sources */,
				1110FAFC2A52F287007135BD /* ProfileViewController.swift in Sources */,
				1110FAEE2A52EF24007135BD /* TabBarViewController.swift in Sources */,
				112B92912A52D8D50037C97F /* HomeViewController.swift in Sources */,
				1110FB082A52F490007135BD /* HapticsManager.swift in Sources */,
				1110FB002A52F2CF007135BD /* PlayerViewController.swift in Sources */,
				1110FAF62A52F227007135BD /* AuthViewController.swift in Sources */,
				112B928D2A52D8D50037C97F /* AppDelegate.swift in Sources */,
				1110FAFE2A52F2BC007135BD /* PlaylistViewController.swift in Sources */,
				1110FAF22A52F1C6007135BD /* LibraryViewController.swift in Sources */,
				112B928F2A52D8D50037C97F /* SceneDelegate.swift in Sources */,
				1110FB022A52F304007135BD /* SearchResultViewController.swift in Sources */,
				1110FB132A544110007135BD /* Extensions.swift in Sources */,
				1110FB062A52F439007135BD /* APICaller.swift in Sources */,
				1110FAFA2A52F27B007135BD /* SettingsViewController.swift in Sources */,
			);
			runOnlyForDeploymentPostprocessing = 0;
		};
/* End PBXSourcesBuildPhase section */

/* Begin PBXVariantGroup section */
		112B92972A52D8D60037C97F /* LaunchScreen.storyboard */ = {
			isa = PBXVariantGroup;
			children = (
				112B92982A52D8D60037C97F /* Base */,
			);
			name = LaunchScreen.storyboard;
			sourceTree = "<group>";
		};
/* End PBXVariantGroup section */

/* Begin XCBuildConfiguration section */
		112B929B2A52D8D60037C97F /* Debug */ = {
			isa = XCBuildConfiguration;
			buildSettings = {
				ALWAYS_SEARCH_USER_PATHS = NO;
				CLANG_ANALYZER_NONNULL = YES;
				CLANG_ANALYZER_NUMBER_OBJECT_CONVERSION = YES_AGGRESSIVE;
				CLANG_CXX_LANGUAGE_STANDARD = "gnu++20";
				CLANG_ENABLE_MODULES = YES;
				CLANG_ENABLE_OBJC_ARC = YES;
				CLANG_ENABLE_OBJC_WEAK = YES;
				CLANG_WARN_BLOCK_CAPTURE_AUTORELEASING = YES;
				CLANG_WARN_BOOL_CONVERSION = YES;
				CLANG_WARN_COMMA = YES;
				CLANG_WARN_CONSTANT_CONVERSION = YES;
				CLANG_WARN_DEPRECATED_OBJC_IMPLEMENTATIONS = YES;
				CLANG_WARN_DIRECT_OBJC_ISA_USAGE = YES_ERROR;
				CLANG_WARN_DOCUMENTATION_COMMENTS = YES;
				CLANG_WARN_EMPTY_BODY = YES;
				CLANG_WARN_ENUM_CONVERSION = YES;
				CLANG_WARN_INFINITE_RECURSION = YES;
				CLANG_WARN_INT_CONVERSION = YES;
				CLANG_WARN_NON_LITERAL_NULL_CONVERSION = YES;
				CLANG_WARN_OBJC_IMPLICIT_RETAIN_SELF = YES;
				CLANG_WARN_OBJC_LITERAL_CONVERSION = YES;
				CLANG_WARN_OBJC_ROOT_CLASS = YES_ERROR;
				CLANG_WARN_QUOTED_INCLUDE_IN_FRAMEWORK_HEADER = YES;
				CLANG_WARN_RANGE_LOOP_ANALYSIS = YES;
				CLANG_WARN_STRICT_PROTOTYPES = YES;
				CLANG_WARN_SUSPICIOUS_MOVE = YES;
				CLANG_WARN_UNGUARDED_AVAILABILITY = YES_AGGRESSIVE;
				CLANG_WARN_UNREACHABLE_CODE = YES;
				CLANG_WARN__DUPLICATE_METHOD_MATCH = YES;
				COPY_PHASE_STRIP = NO;
				DEBUG_INFORMATION_FORMAT = dwarf;
				ENABLE_STRICT_OBJC_MSGSEND = YES;
				ENABLE_TESTABILITY = YES;
				GCC_C_LANGUAGE_STANDARD = gnu11;
				GCC_DYNAMIC_NO_PIC = NO;
				GCC_NO_COMMON_BLOCKS = YES;
				GCC_OPTIMIZATION_LEVEL = 0;
				GCC_PREPROCESSOR_DEFINITIONS = (
					"DEBUG=1",
					"$(inherited)",
				);
				GCC_WARN_64_TO_32_BIT_CONVERSION = YES;
				GCC_WARN_ABOUT_RETURN_TYPE = YES_ERROR;
				GCC_WARN_UNDECLARED_SELECTOR = YES;
				GCC_WARN_UNINITIALIZED_AUTOS = YES_AGGRESSIVE;
				GCC_WARN_UNUSED_FUNCTION = YES;
				GCC_WARN_UNUSED_VARIABLE = YES;
				IPHONEOS_DEPLOYMENT_TARGET = 14.0;
				MTL_ENABLE_DEBUG_INFO = INCLUDE_SOURCE;
				MTL_FAST_MATH = YES;
				ONLY_ACTIVE_ARCH = YES;
				SDKROOT = iphoneos;
				SWIFT_ACTIVE_COMPILATION_CONDITIONS = DEBUG;
				SWIFT_OPTIMIZATION_LEVEL = "-Onone";
			};
			name = Debug;
		};
		112B929C2A52D8D60037C97F /* Release */ = {
			isa = XCBuildConfiguration;
			buildSettings = {
				ALWAYS_SEARCH_USER_PATHS = NO;
				CLANG_ANALYZER_NONNULL = YES;
				CLANG_ANALYZER_NUMBER_OBJECT_CONVERSION = YES_AGGRESSIVE;
				CLANG_CXX_LANGUAGE_STANDARD = "gnu++20";
				CLANG_ENABLE_MODULES = YES;
				CLANG_ENABLE_OBJC_ARC = YES;
				CLANG_ENABLE_OBJC_WEAK = YES;
				CLANG_WARN_BLOCK_CAPTURE_AUTORELEASING = YES;
				CLANG_WARN_BOOL_CONVERSION = YES;
				CLANG_WARN_COMMA = YES;
				CLANG_WARN_CONSTANT_CONVERSION = YES;
				CLANG_WARN_DEPRECATED_OBJC_IMPLEMENTATIONS = YES;
				CLANG_WARN_DIRECT_OBJC_ISA_USAGE = YES_ERROR;
				CLANG_WARN_DOCUMENTATION_COMMENTS = YES;
				CLANG_WARN_EMPTY_BODY = YES;
				CLANG_WARN_ENUM_CONVERSION = YES;
				CLANG_WARN_INFINITE_RECURSION = YES;
				CLANG_WARN_INT_CONVERSION = YES;
				CLANG_WARN_NON_LITERAL_NULL_CONVERSION = YES;
				CLANG_WARN_OBJC_IMPLICIT_RETAIN_SELF = YES;
				CLANG_WARN_OBJC_LITERAL_CONVERSION = YES;
				CLANG_WARN_OBJC_ROOT_CLASS = YES_ERROR;
				CLANG_WARN_QUOTED_INCLUDE_IN_FRAMEWORK_HEADER = YES;
				CLANG_WARN_RANGE_LOOP_ANALYSIS = YES;
				CLANG_WARN_STRICT_PROTOTYPES = YES;
				CLANG_WARN_SUSPICIOUS_MOVE = YES;
				CLANG_WARN_UNGUARDED_AVAILABILITY = YES_AGGRESSIVE;
				CLANG_WARN_UNREACHABLE_CODE = YES;
				CLANG_WARN__DUPLICATE_METHOD_MATCH = YES;
				COPY_PHASE_STRIP = NO;
				DEBUG_INFORMATION_FORMAT = "dwarf-with-dsym";
				ENABLE_NS_ASSERTIONS = NO;
				ENABLE_STRICT_OBJC_MSGSEND = YES;
				GCC_C_LANGUAGE_STANDARD = gnu11;
				GCC_NO_COMMON_BLOCKS = YES;
				GCC_WARN_64_TO_32_BIT_CONVERSION = YES;
				GCC_WARN_ABOUT_RETURN_TYPE = YES_ERROR;
				GCC_WARN_UNDECLARED_SELECTOR = YES;
				GCC_WARN_UNINITIALIZED_AUTOS = YES_AGGRESSIVE;
				GCC_WARN_UNUSED_FUNCTION = YES;
				GCC_WARN_UNUSED_VARIABLE = YES;
				IPHONEOS_DEPLOYMENT_TARGET = 14.0;
				MTL_ENABLE_DEBUG_INFO = NO;
				MTL_FAST_MATH = YES;
				SDKROOT = iphoneos;
				SWIFT_COMPILATION_MODE = wholemodule;
				SWIFT_OPTIMIZATION_LEVEL = "-O";
				VALIDATE_PRODUCT = YES;
			};
			name = Release;
		};
		112B929E2A52D8D60037C97F /* Debug */ = {
			isa = XCBuildConfiguration;
			buildSettings = {
				ASSETCATALOG_COMPILER_APPICON_NAME = AppIcon;
				ASSETCATALOG_COMPILER_GLOBAL_ACCENT_COLOR_NAME = AccentColor;
				CODE_SIGN_STYLE = Automatic;
				CURRENT_PROJECT_VERSION = 1;
				DEVELOPMENT_TEAM = X6C5PD8V7W;
				GENERATE_INFOPLIST_FILE = YES;
				INFOPLIST_FILE = Spotify/Info.plist;
				INFOPLIST_KEY_UIApplicationSupportsIndirectInputEvents = YES;
				INFOPLIST_KEY_UILaunchStoryboardName = LaunchScreen;
				INFOPLIST_KEY_UISupportedInterfaceOrientations_iPad = "UIInterfaceOrientationPortrait UIInterfaceOrientationPortraitUpsideDown UIInterfaceOrientationLandscapeLeft UIInterfaceOrientationLandscapeRight";
				INFOPLIST_KEY_UISupportedInterfaceOrientations_iPhone = "UIInterfaceOrientationPortrait UIInterfaceOrientationLandscapeLeft UIInterfaceOrientationLandscapeRight";
				LD_RUNPATH_SEARCH_PATHS = (
					"$(inherited)",
					"@executable_path/Frameworks",
				);
				MARKETING_VERSION = 1.0;
				PRODUCT_BUNDLE_IDENTIFIER = com.natali.Spotify;
				PRODUCT_NAME = "$(TARGET_NAME)";
				SWIFT_EMIT_LOC_STRINGS = YES;
				SWIFT_VERSION = 5.0;
				TARGETED_DEVICE_FAMILY = "1,2";
			};
			name = Debug;
		};
		112B929F2A52D8D60037C97F /* Release */ = {
			isa = XCBuildConfiguration;
			buildSettings = {
				ASSETCATALOG_COMPILER_APPICON_NAME = AppIcon;
				ASSETCATALOG_COMPILER_GLOBAL_ACCENT_COLOR_NAME = AccentColor;
				CODE_SIGN_STYLE = Automatic;
				CURRENT_PROJECT_VERSION = 1;
				DEVELOPMENT_TEAM = X6C5PD8V7W;
				GENERATE_INFOPLIST_FILE = YES;
				INFOPLIST_FILE = Spotify/Info.plist;
				INFOPLIST_KEY_UIApplicationSupportsIndirectInputEvents = YES;
				INFOPLIST_KEY_UILaunchStoryboardName = LaunchScreen;
				INFOPLIST_KEY_UISupportedInterfaceOrientations_iPad = "UIInterfaceOrientationPortrait UIInterfaceOrientationPortraitUpsideDown UIInterfaceOrientationLandscapeLeft UIInterfaceOrientationLandscapeRight";
				INFOPLIST_KEY_UISupportedInterfaceOrientations_iPhone = "UIInterfaceOrientationPortrait UIInterfaceOrientationLandscapeLeft UIInterfaceOrientationLandscapeRight";
				LD_RUNPATH_SEARCH_PATHS = (
					"$(inherited)",
					"@executable_path/Frameworks",
				);
				MARKETING_VERSION = 1.0;
				PRODUCT_BUNDLE_IDENTIFIER = com.natali.Spotify;
				PRODUCT_NAME = "$(TARGET_NAME)";
				SWIFT_EMIT_LOC_STRINGS = YES;
				SWIFT_VERSION = 5.0;
				TARGETED_DEVICE_FAMILY = "1,2";
			};
			name = Release;
		};
/* End XCBuildConfiguration section */

/* Begin XCConfigurationList section */
		112B92842A52D8D50037C97F /* Build configuration list for PBXProject "Spotify" */ = {
			isa = XCConfigurationList;
			buildConfigurations = (
				112B929B2A52D8D60037C97F /* Debug */,
				112B929C2A52D8D60037C97F /* Release */,
			);
			defaultConfigurationIsVisible = 0;
			defaultConfigurationName = Release;
		};
		112B929D2A52D8D60037C97F /* Build configuration list for PBXNativeTarget "Spotify" */ = {
			isa = XCConfigurationList;
			buildConfigurations = (
				112B929E2A52D8D60037C97F /* Debug */,
				112B929F2A52D8D60037C97F /* Release */,
			);
			defaultConfigurationIsVisible = 0;
			defaultConfigurationName = Release;
		};
/* End XCConfigurationList section */
	};
	rootObject = 112B92812A52D8D50037C97F /* Project object */;
}
